// !$*UTF8*$!
{
	archiveVersion = 1;
	classes = {
	};
	objectVersion = 46;
	objects = {

/* Begin PBXBuildFile section */
		70E439A017019D60659857BF /* Pods_EclipseSoundscapesTests.framework in Frameworks */ = {isa = PBXBuildFile; fileRef = 219BB4393901E45FBC7BD829 /* Pods_EclipseSoundscapesTests.framework */; };
		B72DF5451ED724F300F9E4F3 /* AppDelegate.swift in Sources */ = {isa = PBXBuildFile; fileRef = B72DF5441ED724F300F9E4F3 /* AppDelegate.swift */; };
		B72DF54A1ED724F300F9E4F3 /* Main.storyboard in Resources */ = {isa = PBXBuildFile; fileRef = B72DF5481ED724F300F9E4F3 /* Main.storyboard */; };
		B72DF54F1ED724F300F9E4F3 /* Assets.xcassets in Resources */ = {isa = PBXBuildFile; fileRef = B72DF54E1ED724F300F9E4F3 /* Assets.xcassets */; };
		B72DF5521ED724F300F9E4F3 /* LaunchScreen.storyboard in Resources */ = {isa = PBXBuildFile; fileRef = B72DF5501ED724F300F9E4F3 /* LaunchScreen.storyboard */; };
		B72DF55D1ED724F300F9E4F3 /* EclipseSoundscapesTests.swift in Sources */ = {isa = PBXBuildFile; fileRef = B72DF55C1ED724F300F9E4F3 /* EclipseSoundscapesTests.swift */; };
		B72DF5681ED724F300F9E4F3 /* EclipseSoundscapesUITests.swift in Sources */ = {isa = PBXBuildFile; fileRef = B72DF5671ED724F300F9E4F3 /* EclipseSoundscapesUITests.swift */; };
		B72DF5761ED7251200F9E4F3 /* GoogleService-Info.plist in Resources */ = {isa = PBXBuildFile; fileRef = B72DF5751ED7251200F9E4F3 /* GoogleService-Info.plist */; };
		B72DF57C1ED7252200F9E4F3 /* Authenticator.swift in Sources */ = {isa = PBXBuildFile; fileRef = B72DF5781ED7252200F9E4F3 /* Authenticator.swift */; };
		B72DF57E1ED7252200F9E4F3 /* ResourceManager.swift in Sources */ = {isa = PBXBuildFile; fileRef = B72DF57A1ED7252200F9E4F3 /* ResourceManager.swift */; };
		B72DF5851ED75D9A00F9E4F3 /* Locator.swift in Sources */ = {isa = PBXBuildFile; fileRef = B72DF5841ED75D9A00F9E4F3 /* Locator.swift */; };
		B758D8741ED78E120033EE45 /* Downloader.swift in Sources */ = {isa = PBXBuildFile; fileRef = B758D8731ED78E120033EE45 /* Downloader.swift */; };
		B758D8761ED78E310033EE45 /* Uploader.swift in Sources */ = {isa = PBXBuildFile; fileRef = B758D8751ED78E310033EE45 /* Uploader.swift */; };
		B758D8791ED794790033EE45 /* Recordings.xcdatamodeld in Sources */ = {isa = PBXBuildFile; fileRef = B758D8771ED794790033EE45 /* Recordings.xcdatamodeld */; };
		B763FA011ED864F400EEFB27 /* Tape.swift in Sources */ = {isa = PBXBuildFile; fileRef = B763FA001ED864F400EEFB27 /* Tape.swift */; };
		B79ED4101EDF4002001D5745 /* TapePiece.swift in Sources */ = {isa = PBXBuildFile; fileRef = B79ED40F1EDF4002001D5745 /* TapePiece.swift */; };
		B79ED4121EDF5C37001D5745 /* TapeRecorder.swift in Sources */ = {isa = PBXBuildFile; fileRef = B79ED4111EDF5C37001D5745 /* TapeRecorder.swift */; };
		B7BDFA1B1EE03BA7003348D4 /* TapeMonitor.swift in Sources */ = {isa = PBXBuildFile; fileRef = B7BDFA1A1EE03BA7003348D4 /* TapeMonitor.swift */; };
		B7BDFA1D1EE044A6003348D4 /* ViewController.swift in Sources */ = {isa = PBXBuildFile; fileRef = B7BDFA1C1EE044A6003348D4 /* ViewController.swift */; };
		B7C4E1411EE751A6002A0F19 /* Utility.swift in Sources */ = {isa = PBXBuildFile; fileRef = B7C4E1401EE751A6002A0F19 /* Utility.swift */; };
		B7D1515F1EDDD1EE00DEAC31 /* AudioQueue.swift in Sources */ = {isa = PBXBuildFile; fileRef = B7D1515E1EDDD1EE00DEAC31 /* AudioQueue.swift */; };
		D77B9349CAD58F1DB4B335FF /* Pods_EclipseSoundscapes.framework in Frameworks */ = {isa = PBXBuildFile; fileRef = 778A3D697CB2FFD5E4930902 /* Pods_EclipseSoundscapes.framework */; };
		EB7C715CF5F62E86B98ABEDD /* Pods_EclipseSoundscapesUITests.framework in Frameworks */ = {isa = PBXBuildFile; fileRef = 0A506BF43909D29D3B1E7AEE /* Pods_EclipseSoundscapesUITests.framework */; };
/* End PBXBuildFile section */

/* Begin PBXContainerItemProxy section */
		B72DF5591ED724F300F9E4F3 /* PBXContainerItemProxy */ = {
			isa = PBXContainerItemProxy;
			containerPortal = B72DF5391ED724F300F9E4F3 /* Project object */;
			proxyType = 1;
			remoteGlobalIDString = B72DF5401ED724F300F9E4F3;
			remoteInfo = EclipseSoundscapes;
		};
		B72DF5641ED724F300F9E4F3 /* PBXContainerItemProxy */ = {
			isa = PBXContainerItemProxy;
			containerPortal = B72DF5391ED724F300F9E4F3 /* Project object */;
			proxyType = 1;
			remoteGlobalIDString = B72DF5401ED724F300F9E4F3;
			remoteInfo = EclipseSoundscapes;
		};
/* End PBXContainerItemProxy section */

/* Begin PBXFileReference section */
		0A506BF43909D29D3B1E7AEE /* Pods_EclipseSoundscapesUITests.framework */ = {isa = PBXFileReference; explicitFileType = wrapper.framework; includeInIndex = 0; path = Pods_EclipseSoundscapesUITests.framework; sourceTree = BUILT_PRODUCTS_DIR; };
		219BB4393901E45FBC7BD829 /* Pods_EclipseSoundscapesTests.framework */ = {isa = PBXFileReference; explicitFileType = wrapper.framework; includeInIndex = 0; path = Pods_EclipseSoundscapesTests.framework; sourceTree = BUILT_PRODUCTS_DIR; };
		2BC585839D292E608D5F9225 /* Pods-EclipseSoundscapesTests.release.xcconfig */ = {isa = PBXFileReference; includeInIndex = 1; lastKnownFileType = text.xcconfig; name = "Pods-EclipseSoundscapesTests.release.xcconfig"; path = "Pods/Target Support Files/Pods-EclipseSoundscapesTests/Pods-EclipseSoundscapesTests.release.xcconfig"; sourceTree = "<group>"; };
		47C2DA347FC12156E3251FBE /* Pods-EclipseSoundscapesUITests.debug.xcconfig */ = {isa = PBXFileReference; includeInIndex = 1; lastKnownFileType = text.xcconfig; name = "Pods-EclipseSoundscapesUITests.debug.xcconfig"; path = "Pods/Target Support Files/Pods-EclipseSoundscapesUITests/Pods-EclipseSoundscapesUITests.debug.xcconfig"; sourceTree = "<group>"; };
		574FF5A80B92B374F0B382DF /* Pods-EclipseSoundscapes.release.xcconfig */ = {isa = PBXFileReference; includeInIndex = 1; lastKnownFileType = text.xcconfig; name = "Pods-EclipseSoundscapes.release.xcconfig"; path = "Pods/Target Support Files/Pods-EclipseSoundscapes/Pods-EclipseSoundscapes.release.xcconfig"; sourceTree = "<group>"; };
		5A5604FF69C8CA6A252C43F5 /* Pods-EclipseSoundscapesTests.debug.xcconfig */ = {isa = PBXFileReference; includeInIndex = 1; lastKnownFileType = text.xcconfig; name = "Pods-EclipseSoundscapesTests.debug.xcconfig"; path = "Pods/Target Support Files/Pods-EclipseSoundscapesTests/Pods-EclipseSoundscapesTests.debug.xcconfig"; sourceTree = "<group>"; };
		778A3D697CB2FFD5E4930902 /* Pods_EclipseSoundscapes.framework */ = {isa = PBXFileReference; explicitFileType = wrapper.framework; includeInIndex = 0; path = Pods_EclipseSoundscapes.framework; sourceTree = BUILT_PRODUCTS_DIR; };
		B03672B260885DC3EA96D077 /* Pods-EclipseSoundscapesUITests.release.xcconfig */ = {isa = PBXFileReference; includeInIndex = 1; lastKnownFileType = text.xcconfig; name = "Pods-EclipseSoundscapesUITests.release.xcconfig"; path = "Pods/Target Support Files/Pods-EclipseSoundscapesUITests/Pods-EclipseSoundscapesUITests.release.xcconfig"; sourceTree = "<group>"; };
		B72DF5411ED724F300F9E4F3 /* EclipseSoundscapes.app */ = {isa = PBXFileReference; explicitFileType = wrapper.application; includeInIndex = 0; path = EclipseSoundscapes.app; sourceTree = BUILT_PRODUCTS_DIR; };
		B72DF5441ED724F300F9E4F3 /* AppDelegate.swift */ = {isa = PBXFileReference; lastKnownFileType = sourcecode.swift; path = AppDelegate.swift; sourceTree = "<group>"; };
		B72DF5491ED724F300F9E4F3 /* Base */ = {isa = PBXFileReference; lastKnownFileType = file.storyboard; name = Base; path = Base.lproj/Main.storyboard; sourceTree = "<group>"; };
		B72DF54E1ED724F300F9E4F3 /* Assets.xcassets */ = {isa = PBXFileReference; lastKnownFileType = folder.assetcatalog; path = Assets.xcassets; sourceTree = "<group>"; };
		B72DF5511ED724F300F9E4F3 /* Base */ = {isa = PBXFileReference; lastKnownFileType = file.storyboard; name = Base; path = Base.lproj/LaunchScreen.storyboard; sourceTree = "<group>"; };
		B72DF5531ED724F300F9E4F3 /* Info.plist */ = {isa = PBXFileReference; lastKnownFileType = text.plist.xml; path = Info.plist; sourceTree = "<group>"; };
		B72DF5581ED724F300F9E4F3 /* EclipseSoundscapesTests.xctest */ = {isa = PBXFileReference; explicitFileType = wrapper.cfbundle; includeInIndex = 0; path = EclipseSoundscapesTests.xctest; sourceTree = BUILT_PRODUCTS_DIR; };
		B72DF55C1ED724F300F9E4F3 /* EclipseSoundscapesTests.swift */ = {isa = PBXFileReference; lastKnownFileType = sourcecode.swift; path = EclipseSoundscapesTests.swift; sourceTree = "<group>"; };
		B72DF55E1ED724F300F9E4F3 /* Info.plist */ = {isa = PBXFileReference; lastKnownFileType = text.plist.xml; path = Info.plist; sourceTree = "<group>"; };
		B72DF5631ED724F300F9E4F3 /* EclipseSoundscapesUITests.xctest */ = {isa = PBXFileReference; explicitFileType = wrapper.cfbundle; includeInIndex = 0; path = EclipseSoundscapesUITests.xctest; sourceTree = BUILT_PRODUCTS_DIR; };
		B72DF5671ED724F300F9E4F3 /* EclipseSoundscapesUITests.swift */ = {isa = PBXFileReference; lastKnownFileType = sourcecode.swift; path = EclipseSoundscapesUITests.swift; sourceTree = "<group>"; };
		B72DF5691ED724F300F9E4F3 /* Info.plist */ = {isa = PBXFileReference; lastKnownFileType = text.plist.xml; path = Info.plist; sourceTree = "<group>"; };
		B72DF5751ED7251200F9E4F3 /* GoogleService-Info.plist */ = {isa = PBXFileReference; fileEncoding = 4; lastKnownFileType = text.plist.xml; path = "GoogleService-Info.plist"; sourceTree = "<group>"; };
		B72DF5781ED7252200F9E4F3 /* Authenticator.swift */ = {isa = PBXFileReference; fileEncoding = 4; lastKnownFileType = sourcecode.swift; path = Authenticator.swift; sourceTree = "<group>"; };
		B72DF57A1ED7252200F9E4F3 /* ResourceManager.swift */ = {isa = PBXFileReference; fileEncoding = 4; lastKnownFileType = sourcecode.swift; path = ResourceManager.swift; sourceTree = "<group>"; };
		B72DF5841ED75D9A00F9E4F3 /* Locator.swift */ = {isa = PBXFileReference; fileEncoding = 4; lastKnownFileType = sourcecode.swift; path = Locator.swift; sourceTree = "<group>"; };
		B758D8731ED78E120033EE45 /* Downloader.swift */ = {isa = PBXFileReference; fileEncoding = 4; lastKnownFileType = sourcecode.swift; path = Downloader.swift; sourceTree = "<group>"; };
		B758D8751ED78E310033EE45 /* Uploader.swift */ = {isa = PBXFileReference; fileEncoding = 4; lastKnownFileType = sourcecode.swift; path = Uploader.swift; sourceTree = "<group>"; };
		B758D8781ED794790033EE45 /* Recordings.xcdatamodel */ = {isa = PBXFileReference; lastKnownFileType = wrapper.xcdatamodel; path = Recordings.xcdatamodel; sourceTree = "<group>"; };
		B763FA001ED864F400EEFB27 /* Tape.swift */ = {isa = PBXFileReference; fileEncoding = 4; lastKnownFileType = sourcecode.swift; path = Tape.swift; sourceTree = "<group>"; };
		B79ED40F1EDF4002001D5745 /* TapePiece.swift */ = {isa = PBXFileReference; fileEncoding = 4; lastKnownFileType = sourcecode.swift; path = TapePiece.swift; sourceTree = "<group>"; };
		B79ED4111EDF5C37001D5745 /* TapeRecorder.swift */ = {isa = PBXFileReference; fileEncoding = 4; lastKnownFileType = sourcecode.swift; path = TapeRecorder.swift; sourceTree = "<group>"; };
		B7BDFA1A1EE03BA7003348D4 /* TapeMonitor.swift */ = {isa = PBXFileReference; fileEncoding = 4; lastKnownFileType = sourcecode.swift; path = TapeMonitor.swift; sourceTree = "<group>"; };
		B7BDFA1C1EE044A6003348D4 /* ViewController.swift */ = {isa = PBXFileReference; fileEncoding = 4; lastKnownFileType = sourcecode.swift; path = ViewController.swift; sourceTree = "<group>"; };
		B7C4E1401EE751A6002A0F19 /* Utility.swift */ = {isa = PBXFileReference; fileEncoding = 4; lastKnownFileType = sourcecode.swift; path = Utility.swift; sourceTree = "<group>"; };
		B7D1515E1EDDD1EE00DEAC31 /* AudioQueue.swift */ = {isa = PBXFileReference; fileEncoding = 4; lastKnownFileType = sourcecode.swift; path = AudioQueue.swift; sourceTree = "<group>"; };
		EC9068B8CBBFDE24E65A9DBE /* Pods-EclipseSoundscapes.debug.xcconfig */ = {isa = PBXFileReference; includeInIndex = 1; lastKnownFileType = text.xcconfig; name = "Pods-EclipseSoundscapes.debug.xcconfig"; path = "Pods/Target Support Files/Pods-EclipseSoundscapes/Pods-EclipseSoundscapes.debug.xcconfig"; sourceTree = "<group>"; };
/* End PBXFileReference section */

/* Begin PBXFrameworksBuildPhase section */
		B72DF53E1ED724F300F9E4F3 /* Frameworks */ = {
			isa = PBXFrameworksBuildPhase;
			buildActionMask = 2147483647;
			files = (
				D77B9349CAD58F1DB4B335FF /* Pods_EclipseSoundscapes.framework in Frameworks */,
			);
			runOnlyForDeploymentPostprocessing = 0;
		};
		B72DF5551ED724F300F9E4F3 /* Frameworks */ = {
			isa = PBXFrameworksBuildPhase;
			buildActionMask = 2147483647;
			files = (
				70E439A017019D60659857BF /* Pods_EclipseSoundscapesTests.framework in Frameworks */,
			);
			runOnlyForDeploymentPostprocessing = 0;
		};
		B72DF5601ED724F300F9E4F3 /* Frameworks */ = {
			isa = PBXFrameworksBuildPhase;
			buildActionMask = 2147483647;
			files = (
				EB7C715CF5F62E86B98ABEDD /* Pods_EclipseSoundscapesUITests.framework in Frameworks */,
			);
			runOnlyForDeploymentPostprocessing = 0;
		};
/* End PBXFrameworksBuildPhase section */

/* Begin PBXGroup section */
		0AC59B163A693564E0A25AC4 /* Pods */ = {
			isa = PBXGroup;
			children = (
				EC9068B8CBBFDE24E65A9DBE /* Pods-EclipseSoundscapes.debug.xcconfig */,
				574FF5A80B92B374F0B382DF /* Pods-EclipseSoundscapes.release.xcconfig */,
				5A5604FF69C8CA6A252C43F5 /* Pods-EclipseSoundscapesTests.debug.xcconfig */,
				2BC585839D292E608D5F9225 /* Pods-EclipseSoundscapesTests.release.xcconfig */,
				47C2DA347FC12156E3251FBE /* Pods-EclipseSoundscapesUITests.debug.xcconfig */,
				B03672B260885DC3EA96D077 /* Pods-EclipseSoundscapesUITests.release.xcconfig */,
			);
			name = Pods;
			sourceTree = "<group>";
		};
		8DBF39B7320E61B9CF8A0F70 /* Frameworks */ = {
			isa = PBXGroup;
			children = (
				778A3D697CB2FFD5E4930902 /* Pods_EclipseSoundscapes.framework */,
				219BB4393901E45FBC7BD829 /* Pods_EclipseSoundscapesTests.framework */,
				0A506BF43909D29D3B1E7AEE /* Pods_EclipseSoundscapesUITests.framework */,
			);
			name = Frameworks;
			sourceTree = "<group>";
		};
		B72DF5381ED724F300F9E4F3 = {
			isa = PBXGroup;
			children = (
				B72DF5431ED724F300F9E4F3 /* EclipseSoundscapes */,
				B72DF55B1ED724F300F9E4F3 /* EclipseSoundscapesTests */,
				B72DF5661ED724F300F9E4F3 /* EclipseSoundscapesUITests */,
				B72DF5421ED724F300F9E4F3 /* Products */,
				0AC59B163A693564E0A25AC4 /* Pods */,
				8DBF39B7320E61B9CF8A0F70 /* Frameworks */,
			);
			sourceTree = "<group>";
		};
		B72DF5421ED724F300F9E4F3 /* Products */ = {
			isa = PBXGroup;
			children = (
				B72DF5411ED724F300F9E4F3 /* EclipseSoundscapes.app */,
				B72DF5581ED724F300F9E4F3 /* EclipseSoundscapesTests.xctest */,
				B72DF5631ED724F300F9E4F3 /* EclipseSoundscapesUITests.xctest */,
			);
			name = Products;
			sourceTree = "<group>";
		};
		B72DF5431ED724F300F9E4F3 /* EclipseSoundscapes */ = {
			isa = PBXGroup;
			children = (
				B72DF5441ED724F300F9E4F3 /* AppDelegate.swift */,
				B7BDFA1C1EE044A6003348D4 /* ViewController.swift */,
				B79ED4131EDF5CB1001D5745 /* Audio */,
				B76F344F1EDE1E09006E76D2 /* Managers */,
				B76F344E1EDE1DF8006E76D2 /* Networking */,
				B76F34501EDE1E1D006E76D2 /* Helpers */,
				B76F344D1EDE1DDE006E76D2 /* Models */,
				B72DF5481ED724F300F9E4F3 /* Main.storyboard */,
				B72DF54E1ED724F300F9E4F3 /* Assets.xcassets */,
				B72DF5501ED724F300F9E4F3 /* LaunchScreen.storyboard */,
				B72DF5751ED7251200F9E4F3 /* GoogleService-Info.plist */,
				B72DF5531ED724F300F9E4F3 /* Info.plist */,
			);
			path = EclipseSoundscapes;
			sourceTree = "<group>";
		};
		B72DF55B1ED724F300F9E4F3 /* EclipseSoundscapesTests */ = {
			isa = PBXGroup;
			children = (
				B72DF55C1ED724F300F9E4F3 /* EclipseSoundscapesTests.swift */,
				B72DF55E1ED724F300F9E4F3 /* Info.plist */,
			);
			path = EclipseSoundscapesTests;
			sourceTree = "<group>";
		};
		B72DF5661ED724F300F9E4F3 /* EclipseSoundscapesUITests */ = {
			isa = PBXGroup;
			children = (
				B72DF5671ED724F300F9E4F3 /* EclipseSoundscapesUITests.swift */,
				B72DF5691ED724F300F9E4F3 /* Info.plist */,
			);
			path = EclipseSoundscapesUITests;
			sourceTree = "<group>";
		};
		B76F344D1EDE1DDE006E76D2 /* Models */ = {
			isa = PBXGroup;
			children = (
				B758D8771ED794790033EE45 /* Recordings.xcdatamodeld */,
				B763FA001ED864F400EEFB27 /* Tape.swift */,
				B79ED40F1EDF4002001D5745 /* TapePiece.swift */,
			);
			name = Models;
			sourceTree = "<group>";
		};
		B76F344E1EDE1DF8006E76D2 /* Networking */ = {
			isa = PBXGroup;
			children = (
				B758D8731ED78E120033EE45 /* Downloader.swift */,
				B758D8751ED78E310033EE45 /* Uploader.swift */,
			);
			name = Networking;
			sourceTree = "<group>";
		};
		B76F344F1EDE1E09006E76D2 /* Managers */ = {
			isa = PBXGroup;
			children = (
				B72DF5781ED7252200F9E4F3 /* Authenticator.swift */,
				B72DF57A1ED7252200F9E4F3 /* ResourceManager.swift */,
				B72DF5841ED75D9A00F9E4F3 /* Locator.swift */,
			);
			name = Managers;
			sourceTree = "<group>";
		};
		B76F34501EDE1E1D006E76D2 /* Helpers */ = {
			isa = PBXGroup;
			children = (
				B7C4E1401EE751A6002A0F19 /* Utility.swift */,
				B7D1515E1EDDD1EE00DEAC31 /* AudioQueue.swift */,
			);
			name = Helpers;
			sourceTree = "<group>";
		};
		B79ED4131EDF5CB1001D5745 /* Audio */ = {
			isa = PBXGroup;
			children = (
				B79ED4111EDF5C37001D5745 /* TapeRecorder.swift */,
				B7BDFA1A1EE03BA7003348D4 /* TapeMonitor.swift */,
			);
			name = Audio;
			sourceTree = "<group>";
		};
/* End PBXGroup section */

/* Begin PBXNativeTarget section */
		B72DF5401ED724F300F9E4F3 /* EclipseSoundscapes */ = {
			isa = PBXNativeTarget;
			buildConfigurationList = B72DF56C1ED724F300F9E4F3 /* Build configuration list for PBXNativeTarget "EclipseSoundscapes" */;
			buildPhases = (
				20342CFE5B3F601F3C671F15 /* [CP] Check Pods Manifest.lock */,
				B72DF53D1ED724F300F9E4F3 /* Sources */,
				B72DF53E1ED724F300F9E4F3 /* Frameworks */,
				B72DF53F1ED724F300F9E4F3 /* Resources */,
				539B9E763E0706F1C28AC4F6 /* [CP] Embed Pods Frameworks */,
				E0E0399903E491D908D1ED49 /* [CP] Copy Pods Resources */,
			);
			buildRules = (
			);
			dependencies = (
			);
			name = EclipseSoundscapes;
			productName = EclipseSoundscapes;
			productReference = B72DF5411ED724F300F9E4F3 /* EclipseSoundscapes.app */;
			productType = "com.apple.product-type.application";
		};
		B72DF5571ED724F300F9E4F3 /* EclipseSoundscapesTests */ = {
			isa = PBXNativeTarget;
			buildConfigurationList = B72DF56F1ED724F300F9E4F3 /* Build configuration list for PBXNativeTarget "EclipseSoundscapesTests" */;
			buildPhases = (
				659423ABBF938B75E69F3586 /* [CP] Check Pods Manifest.lock */,
				B72DF5541ED724F300F9E4F3 /* Sources */,
				B72DF5551ED724F300F9E4F3 /* Frameworks */,
				B72DF5561ED724F300F9E4F3 /* Resources */,
				9BF072584B523166DB3FC053 /* [CP] Embed Pods Frameworks */,
				653DBBE438D073C036DBAE2B /* [CP] Copy Pods Resources */,
			);
			buildRules = (
			);
			dependencies = (
				B72DF55A1ED724F300F9E4F3 /* PBXTargetDependency */,
			);
			name = EclipseSoundscapesTests;
			productName = EclipseSoundscapesTests;
			productReference = B72DF5581ED724F300F9E4F3 /* EclipseSoundscapesTests.xctest */;
			productType = "com.apple.product-type.bundle.unit-test";
		};
		B72DF5621ED724F300F9E4F3 /* EclipseSoundscapesUITests */ = {
			isa = PBXNativeTarget;
			buildConfigurationList = B72DF5721ED724F300F9E4F3 /* Build configuration list for PBXNativeTarget "EclipseSoundscapesUITests" */;
			buildPhases = (
				6B100D64F61F995D02B9FD32 /* [CP] Check Pods Manifest.lock */,
				B72DF55F1ED724F300F9E4F3 /* Sources */,
				B72DF5601ED724F300F9E4F3 /* Frameworks */,
				B72DF5611ED724F300F9E4F3 /* Resources */,
				5957E119525E659345B57346 /* [CP] Embed Pods Frameworks */,
				DF7F64DDA0C572E8FEBD8F1D /* [CP] Copy Pods Resources */,
			);
			buildRules = (
			);
			dependencies = (
				B72DF5651ED724F300F9E4F3 /* PBXTargetDependency */,
			);
			name = EclipseSoundscapesUITests;
			productName = EclipseSoundscapesUITests;
			productReference = B72DF5631ED724F300F9E4F3 /* EclipseSoundscapesUITests.xctest */;
			productType = "com.apple.product-type.bundle.ui-testing";
		};
/* End PBXNativeTarget section */

/* Begin PBXProject section */
		B72DF5391ED724F300F9E4F3 /* Project object */ = {
			isa = PBXProject;
			attributes = {
				LastSwiftUpdateCheck = 0830;
				LastUpgradeCheck = 0830;
				ORGANIZATIONNAME = DevByArlindo;
				TargetAttributes = {
					B72DF5401ED724F300F9E4F3 = {
						CreatedOnToolsVersion = 8.3.1;
						DevelopmentTeam = 22G24XCXDT;
						ProvisioningStyle = Automatic;
						SystemCapabilities = {
							com.apple.BackgroundModes = {
								enabled = 1;
							};
						};
					};
					B72DF5571ED724F300F9E4F3 = {
						CreatedOnToolsVersion = 8.3.1;
						DevelopmentTeam = 22G24XCXDT;
						ProvisioningStyle = Automatic;
						TestTargetID = B72DF5401ED724F300F9E4F3;
					};
					B72DF5621ED724F300F9E4F3 = {
						CreatedOnToolsVersion = 8.3.1;
						DevelopmentTeam = 22G24XCXDT;
						ProvisioningStyle = Automatic;
						TestTargetID = B72DF5401ED724F300F9E4F3;
					};
				};
			};
			buildConfigurationList = B72DF53C1ED724F300F9E4F3 /* Build configuration list for PBXProject "EclipseSoundscapes" */;
			compatibilityVersion = "Xcode 3.2";
			developmentRegion = English;
			hasScannedForEncodings = 0;
			knownRegions = (
				en,
				Base,
			);
			mainGroup = B72DF5381ED724F300F9E4F3;
			productRefGroup = B72DF5421ED724F300F9E4F3 /* Products */;
			projectDirPath = "";
			projectRoot = "";
			targets = (
				B72DF5401ED724F300F9E4F3 /* EclipseSoundscapes */,
				B72DF5571ED724F300F9E4F3 /* EclipseSoundscapesTests */,
				B72DF5621ED724F300F9E4F3 /* EclipseSoundscapesUITests */,
			);
		};
/* End PBXProject section */

/* Begin PBXResourcesBuildPhase section */
		B72DF53F1ED724F300F9E4F3 /* Resources */ = {
			isa = PBXResourcesBuildPhase;
			buildActionMask = 2147483647;
			files = (
				B72DF5521ED724F300F9E4F3 /* LaunchScreen.storyboard in Resources */,
				B72DF5761ED7251200F9E4F3 /* GoogleService-Info.plist in Resources */,
				B72DF54F1ED724F300F9E4F3 /* Assets.xcassets in Resources */,
				B72DF54A1ED724F300F9E4F3 /* Main.storyboard in Resources */,
			);
			runOnlyForDeploymentPostprocessing = 0;
		};
		B72DF5561ED724F300F9E4F3 /* Resources */ = {
			isa = PBXResourcesBuildPhase;
			buildActionMask = 2147483647;
			files = (
			);
			runOnlyForDeploymentPostprocessing = 0;
		};
		B72DF5611ED724F300F9E4F3 /* Resources */ = {
			isa = PBXResourcesBuildPhase;
			buildActionMask = 2147483647;
			files = (
			);
			runOnlyForDeploymentPostprocessing = 0;
		};
/* End PBXResourcesBuildPhase section */

/* Begin PBXShellScriptBuildPhase section */
		20342CFE5B3F601F3C671F15 /* [CP] Check Pods Manifest.lock */ = {
			isa = PBXShellScriptBuildPhase;
			buildActionMask = 2147483647;
			files = (
			);
			inputPaths = (
			);
			name = "[CP] Check Pods Manifest.lock";
			outputPaths = (
			);
			runOnlyForDeploymentPostprocessing = 0;
			shellPath = /bin/sh;
			shellScript = "diff \"${PODS_ROOT}/../Podfile.lock\" \"${PODS_ROOT}/Manifest.lock\" > /dev/null\nif [ $? != 0 ] ; then\n    # print error to STDERR\n    echo \"error: The sandbox is not in sync with the Podfile.lock. Run 'pod install' or update your CocoaPods installation.\" >&2\n    exit 1\nfi\n";
			showEnvVarsInLog = 0;
		};
		539B9E763E0706F1C28AC4F6 /* [CP] Embed Pods Frameworks */ = {
			isa = PBXShellScriptBuildPhase;
			buildActionMask = 2147483647;
			files = (
			);
			inputPaths = (
			);
			name = "[CP] Embed Pods Frameworks";
			outputPaths = (
			);
			runOnlyForDeploymentPostprocessing = 0;
			shellPath = /bin/sh;
			shellScript = "\"${SRCROOT}/Pods/Target Support Files/Pods-EclipseSoundscapes/Pods-EclipseSoundscapes-frameworks.sh\"\n";
			showEnvVarsInLog = 0;
		};
		5957E119525E659345B57346 /* [CP] Embed Pods Frameworks */ = {
			isa = PBXShellScriptBuildPhase;
			buildActionMask = 2147483647;
			files = (
			);
			inputPaths = (
			);
			name = "[CP] Embed Pods Frameworks";
			outputPaths = (
			);
			runOnlyForDeploymentPostprocessing = 0;
			shellPath = /bin/sh;
			shellScript = "\"${SRCROOT}/Pods/Target Support Files/Pods-EclipseSoundscapesUITests/Pods-EclipseSoundscapesUITests-frameworks.sh\"\n";
			showEnvVarsInLog = 0;
		};
		653DBBE438D073C036DBAE2B /* [CP] Copy Pods Resources */ = {
			isa = PBXShellScriptBuildPhase;
			buildActionMask = 2147483647;
			files = (
			);
			inputPaths = (
			);
			name = "[CP] Copy Pods Resources";
			outputPaths = (
			);
			runOnlyForDeploymentPostprocessing = 0;
			shellPath = /bin/sh;
			shellScript = "\"${SRCROOT}/Pods/Target Support Files/Pods-EclipseSoundscapesTests/Pods-EclipseSoundscapesTests-resources.sh\"\n";
			showEnvVarsInLog = 0;
		};
		659423ABBF938B75E69F3586 /* [CP] Check Pods Manifest.lock */ = {
			isa = PBXShellScriptBuildPhase;
			buildActionMask = 2147483647;
			files = (
			);
			inputPaths = (
			);
			name = "[CP] Check Pods Manifest.lock";
			outputPaths = (
			);
			runOnlyForDeploymentPostprocessing = 0;
			shellPath = /bin/sh;
			shellScript = "diff \"${PODS_ROOT}/../Podfile.lock\" \"${PODS_ROOT}/Manifest.lock\" > /dev/null\nif [ $? != 0 ] ; then\n    # print error to STDERR\n    echo \"error: The sandbox is not in sync with the Podfile.lock. Run 'pod install' or update your CocoaPods installation.\" >&2\n    exit 1\nfi\n";
			showEnvVarsInLog = 0;
		};
		6B100D64F61F995D02B9FD32 /* [CP] Check Pods Manifest.lock */ = {
			isa = PBXShellScriptBuildPhase;
			buildActionMask = 2147483647;
			files = (
			);
			inputPaths = (
			);
			name = "[CP] Check Pods Manifest.lock";
			outputPaths = (
			);
			runOnlyForDeploymentPostprocessing = 0;
			shellPath = /bin/sh;
			shellScript = "diff \"${PODS_ROOT}/../Podfile.lock\" \"${PODS_ROOT}/Manifest.lock\" > /dev/null\nif [ $? != 0 ] ; then\n    # print error to STDERR\n    echo \"error: The sandbox is not in sync with the Podfile.lock. Run 'pod install' or update your CocoaPods installation.\" >&2\n    exit 1\nfi\n";
			showEnvVarsInLog = 0;
		};
		9BF072584B523166DB3FC053 /* [CP] Embed Pods Frameworks */ = {
			isa = PBXShellScriptBuildPhase;
			buildActionMask = 2147483647;
			files = (
			);
			inputPaths = (
			);
			name = "[CP] Embed Pods Frameworks";
			outputPaths = (
			);
			runOnlyForDeploymentPostprocessing = 0;
			shellPath = /bin/sh;
			shellScript = "\"${SRCROOT}/Pods/Target Support Files/Pods-EclipseSoundscapesTests/Pods-EclipseSoundscapesTests-frameworks.sh\"\n";
			showEnvVarsInLog = 0;
		};
		DF7F64DDA0C572E8FEBD8F1D /* [CP] Copy Pods Resources */ = {
			isa = PBXShellScriptBuildPhase;
			buildActionMask = 2147483647;
			files = (
			);
			inputPaths = (
			);
			name = "[CP] Copy Pods Resources";
			outputPaths = (
			);
			runOnlyForDeploymentPostprocessing = 0;
			shellPath = /bin/sh;
			shellScript = "\"${SRCROOT}/Pods/Target Support Files/Pods-EclipseSoundscapesUITests/Pods-EclipseSoundscapesUITests-resources.sh\"\n";
			showEnvVarsInLog = 0;
		};
		E0E0399903E491D908D1ED49 /* [CP] Copy Pods Resources */ = {
			isa = PBXShellScriptBuildPhase;
			buildActionMask = 2147483647;
			files = (
			);
			inputPaths = (
			);
			name = "[CP] Copy Pods Resources";
			outputPaths = (
			);
			runOnlyForDeploymentPostprocessing = 0;
			shellPath = /bin/sh;
			shellScript = "\"${SRCROOT}/Pods/Target Support Files/Pods-EclipseSoundscapes/Pods-EclipseSoundscapes-resources.sh\"\n";
			showEnvVarsInLog = 0;
		};
/* End PBXShellScriptBuildPhase section */

/* Begin PBXSourcesBuildPhase section */
		B72DF53D1ED724F300F9E4F3 /* Sources */ = {
			isa = PBXSourcesBuildPhase;
			buildActionMask = 2147483647;
			files = (
				B7C4E1411EE751A6002A0F19 /* Utility.swift in Sources */,
				B763FA011ED864F400EEFB27 /* Tape.swift in Sources */,
				B72DF57C1ED7252200F9E4F3 /* Authenticator.swift in Sources */,
				B72DF57E1ED7252200F9E4F3 /* ResourceManager.swift in Sources */,
				B7BDFA1D1EE044A6003348D4 /* ViewController.swift in Sources */,
				B7BDFA1B1EE03BA7003348D4 /* TapeMonitor.swift in Sources */,
				B79ED4121EDF5C37001D5745 /* TapeRecorder.swift in Sources */,
				B72DF5851ED75D9A00F9E4F3 /* Locator.swift in Sources */,
				B758D8741ED78E120033EE45 /* Downloader.swift in Sources */,
				B72DF5451ED724F300F9E4F3 /* AppDelegate.swift in Sources */,
				B758D8761ED78E310033EE45 /* Uploader.swift in Sources */,
				B758D8791ED794790033EE45 /* Recordings.xcdatamodeld in Sources */,
				B7D1515F1EDDD1EE00DEAC31 /* AudioQueue.swift in Sources */,
				B79ED4101EDF4002001D5745 /* TapePiece.swift in Sources */,
			);
			runOnlyForDeploymentPostprocessing = 0;
		};
		B72DF5541ED724F300F9E4F3 /* Sources */ = {
			isa = PBXSourcesBuildPhase;
			buildActionMask = 2147483647;
			files = (
				B72DF55D1ED724F300F9E4F3 /* EclipseSoundscapesTests.swift in Sources */,
			);
			runOnlyForDeploymentPostprocessing = 0;
		};
		B72DF55F1ED724F300F9E4F3 /* Sources */ = {
			isa = PBXSourcesBuildPhase;
			buildActionMask = 2147483647;
			files = (
				B72DF5681ED724F300F9E4F3 /* EclipseSoundscapesUITests.swift in Sources */,
			);
			runOnlyForDeploymentPostprocessing = 0;
		};
/* End PBXSourcesBuildPhase section */

/* Begin PBXTargetDependency section */
		B72DF55A1ED724F300F9E4F3 /* PBXTargetDependency */ = {
			isa = PBXTargetDependency;
			target = B72DF5401ED724F300F9E4F3 /* EclipseSoundscapes */;
			targetProxy = B72DF5591ED724F300F9E4F3 /* PBXContainerItemProxy */;
		};
		B72DF5651ED724F300F9E4F3 /* PBXTargetDependency */ = {
			isa = PBXTargetDependency;
			target = B72DF5401ED724F300F9E4F3 /* EclipseSoundscapes */;
			targetProxy = B72DF5641ED724F300F9E4F3 /* PBXContainerItemProxy */;
		};
/* End PBXTargetDependency section */

/* Begin PBXVariantGroup section */
		B72DF5481ED724F300F9E4F3 /* Main.storyboard */ = {
			isa = PBXVariantGroup;
			children = (
				B72DF5491ED724F300F9E4F3 /* Base */,
			);
			name = Main.storyboard;
			sourceTree = "<group>";
		};
		B72DF5501ED724F300F9E4F3 /* LaunchScreen.storyboard */ = {
			isa = PBXVariantGroup;
			children = (
				B72DF5511ED724F300F9E4F3 /* Base */,
			);
			name = LaunchScreen.storyboard;
			sourceTree = "<group>";
		};
/* End PBXVariantGroup section */

/* Begin XCBuildConfiguration section */
		B72DF56A1ED724F300F9E4F3 /* Debug */ = {
			isa = XCBuildConfiguration;
			buildSettings = {
				ALWAYS_SEARCH_USER_PATHS = NO;
				CLANG_ANALYZER_NONNULL = YES;
				CLANG_ANALYZER_NUMBER_OBJECT_CONVERSION = YES_AGGRESSIVE;
				CLANG_CXX_LANGUAGE_STANDARD = "gnu++0x";
				CLANG_CXX_LIBRARY = "libc++";
				CLANG_ENABLE_MODULES = YES;
				CLANG_ENABLE_OBJC_ARC = YES;
				CLANG_WARN_BOOL_CONVERSION = YES;
				CLANG_WARN_CONSTANT_CONVERSION = YES;
				CLANG_WARN_DIRECT_OBJC_ISA_USAGE = YES_ERROR;
				CLANG_WARN_DOCUMENTATION_COMMENTS = YES;
				CLANG_WARN_EMPTY_BODY = YES;
				CLANG_WARN_ENUM_CONVERSION = YES;
				CLANG_WARN_INFINITE_RECURSION = YES;
				CLANG_WARN_INT_CONVERSION = YES;
				CLANG_WARN_OBJC_ROOT_CLASS = YES_ERROR;
				CLANG_WARN_SUSPICIOUS_MOVE = YES;
				CLANG_WARN_UNREACHABLE_CODE = YES;
				CLANG_WARN__DUPLICATE_METHOD_MATCH = YES;
				"CODE_SIGN_IDENTITY[sdk=iphoneos*]" = "iPhone Developer";
				COPY_PHASE_STRIP = NO;
				DEBUG_INFORMATION_FORMAT = dwarf;
				ENABLE_STRICT_OBJC_MSGSEND = YES;
				ENABLE_TESTABILITY = YES;
				GCC_C_LANGUAGE_STANDARD = gnu99;
				GCC_DYNAMIC_NO_PIC = NO;
				GCC_NO_COMMON_BLOCKS = YES;
				GCC_OPTIMIZATION_LEVEL = 0;
				GCC_PREPROCESSOR_DEFINITIONS = (
					"DEBUG=1",
					"$(inherited)",
				);
				GCC_WARN_64_TO_32_BIT_CONVERSION = YES;
				GCC_WARN_ABOUT_RETURN_TYPE = YES_ERROR;
				GCC_WARN_UNDECLARED_SELECTOR = YES;
				GCC_WARN_UNINITIALIZED_AUTOS = YES_AGGRESSIVE;
				GCC_WARN_UNUSED_FUNCTION = YES;
				GCC_WARN_UNUSED_VARIABLE = YES;
				IPHONEOS_DEPLOYMENT_TARGET = 10.3;
				MTL_ENABLE_DEBUG_INFO = YES;
				ONLY_ACTIVE_ARCH = YES;
				SDKROOT = iphoneos;
				SWIFT_ACTIVE_COMPILATION_CONDITIONS = DEBUG;
				SWIFT_OPTIMIZATION_LEVEL = "-Onone";
				TARGETED_DEVICE_FAMILY = "1,2";
			};
			name = Debug;
		};
		B72DF56B1ED724F300F9E4F3 /* Release */ = {
			isa = XCBuildConfiguration;
			buildSettings = {
				ALWAYS_SEARCH_USER_PATHS = NO;
				CLANG_ANALYZER_NONNULL = YES;
				CLANG_ANALYZER_NUMBER_OBJECT_CONVERSION = YES_AGGRESSIVE;
				CLANG_CXX_LANGUAGE_STANDARD = "gnu++0x";
				CLANG_CXX_LIBRARY = "libc++";
				CLANG_ENABLE_MODULES = YES;
				CLANG_ENABLE_OBJC_ARC = YES;
				CLANG_WARN_BOOL_CONVERSION = YES;
				CLANG_WARN_CONSTANT_CONVERSION = YES;
				CLANG_WARN_DIRECT_OBJC_ISA_USAGE = YES_ERROR;
				CLANG_WARN_DOCUMENTATION_COMMENTS = YES;
				CLANG_WARN_EMPTY_BODY = YES;
				CLANG_WARN_ENUM_CONVERSION = YES;
				CLANG_WARN_INFINITE_RECURSION = YES;
				CLANG_WARN_INT_CONVERSION = YES;
				CLANG_WARN_OBJC_ROOT_CLASS = YES_ERROR;
				CLANG_WARN_SUSPICIOUS_MOVE = YES;
				CLANG_WARN_UNREACHABLE_CODE = YES;
				CLANG_WARN__DUPLICATE_METHOD_MATCH = YES;
				"CODE_SIGN_IDENTITY[sdk=iphoneos*]" = "iPhone Developer";
				COPY_PHASE_STRIP = NO;
				DEBUG_INFORMATION_FORMAT = "dwarf-with-dsym";
				ENABLE_NS_ASSERTIONS = NO;
				ENABLE_STRICT_OBJC_MSGSEND = YES;
				GCC_C_LANGUAGE_STANDARD = gnu99;
				GCC_NO_COMMON_BLOCKS = YES;
				GCC_WARN_64_TO_32_BIT_CONVERSION = YES;
				GCC_WARN_ABOUT_RETURN_TYPE = YES_ERROR;
				GCC_WARN_UNDECLARED_SELECTOR = YES;
				GCC_WARN_UNINITIALIZED_AUTOS = YES_AGGRESSIVE;
				GCC_WARN_UNUSED_FUNCTION = YES;
				GCC_WARN_UNUSED_VARIABLE = YES;
				IPHONEOS_DEPLOYMENT_TARGET = 10.3;
				MTL_ENABLE_DEBUG_INFO = NO;
				SDKROOT = iphoneos;
				SWIFT_OPTIMIZATION_LEVEL = "-Owholemodule";
				TARGETED_DEVICE_FAMILY = "1,2";
				VALIDATE_PRODUCT = YES;
			};
			name = Release;
		};
		B72DF56D1ED724F300F9E4F3 /* Debug */ = {
			isa = XCBuildConfiguration;
			baseConfigurationReference = EC9068B8CBBFDE24E65A9DBE /* Pods-EclipseSoundscapes.debug.xcconfig */;
			buildSettings = {
				ASSETCATALOG_COMPILER_APPICON_NAME = AppIcon;
				DEVELOPMENT_TEAM = 22G24XCXDT;
				INFOPLIST_FILE = EclipseSoundscapes/Info.plist;
				LD_RUNPATH_SEARCH_PATHS = "$(inherited) @executable_path/Frameworks";
				PRODUCT_BUNDLE_IDENTIFIER = com.ArlindoGoncalves.EclipseSoundscapes;
				PRODUCT_NAME = "$(TARGET_NAME)";
				SWIFT_VERSION = 3.0;
			};
			name = Debug;
		};
		B72DF56E1ED724F300F9E4F3 /* Release */ = {
			isa = XCBuildConfiguration;
			baseConfigurationReference = 574FF5A80B92B374F0B382DF /* Pods-EclipseSoundscapes.release.xcconfig */;
			buildSettings = {
				ASSETCATALOG_COMPILER_APPICON_NAME = AppIcon;
				DEVELOPMENT_TEAM = 22G24XCXDT;
				INFOPLIST_FILE = EclipseSoundscapes/Info.plist;
				LD_RUNPATH_SEARCH_PATHS = "$(inherited) @executable_path/Frameworks";
				PRODUCT_BUNDLE_IDENTIFIER = com.ArlindoGoncalves.EclipseSoundscapes;
				PRODUCT_NAME = "$(TARGET_NAME)";
				SWIFT_VERSION = 3.0;
			};
			name = Release;
		};
		B72DF5701ED724F300F9E4F3 /* Debug */ = {
			isa = XCBuildConfiguration;
			baseConfigurationReference = 5A5604FF69C8CA6A252C43F5 /* Pods-EclipseSoundscapesTests.debug.xcconfig */;
			buildSettings = {
				ALWAYS_EMBED_SWIFT_STANDARD_LIBRARIES = YES;
				BUNDLE_LOADER = "$(TEST_HOST)";
				DEVELOPMENT_TEAM = 22G24XCXDT;
				INFOPLIST_FILE = EclipseSoundscapesTests/Info.plist;
				LD_RUNPATH_SEARCH_PATHS = "$(inherited) @executable_path/Frameworks @loader_path/Frameworks";
				PRODUCT_BUNDLE_IDENTIFIER = com.ArlindoGoncalves.EclipseSoundscapesTests;
				PRODUCT_NAME = "$(TARGET_NAME)";
				SWIFT_VERSION = 3.0;
				TEST_HOST = "$(BUILT_PRODUCTS_DIR)/EclipseSoundscapes.app/EclipseSoundscapes";
			};
			name = Debug;
		};
		B72DF5711ED724F300F9E4F3 /* Release */ = {
			isa = XCBuildConfiguration;
			baseConfigurationReference = 2BC585839D292E608D5F9225 /* Pods-EclipseSoundscapesTests.release.xcconfig */;
			buildSettings = {
				ALWAYS_EMBED_SWIFT_STANDARD_LIBRARIES = YES;
				BUNDLE_LOADER = "$(TEST_HOST)";
				DEVELOPMENT_TEAM = 22G24XCXDT;
				INFOPLIST_FILE = EclipseSoundscapesTests/Info.plist;
				LD_RUNPATH_SEARCH_PATHS = "$(inherited) @executable_path/Frameworks @loader_path/Frameworks";
				PRODUCT_BUNDLE_IDENTIFIER = com.ArlindoGoncalves.EclipseSoundscapesTests;
				PRODUCT_NAME = "$(TARGET_NAME)";
				SWIFT_VERSION = 3.0;
				TEST_HOST = "$(BUILT_PRODUCTS_DIR)/EclipseSoundscapes.app/EclipseSoundscapes";
			};
			name = Release;
		};
		B72DF5731ED724F300F9E4F3 /* Debug */ = {
			isa = XCBuildConfiguration;
			baseConfigurationReference = 47C2DA347FC12156E3251FBE /* Pods-EclipseSoundscapesUITests.debug.xcconfig */;
			buildSettings = {
				ALWAYS_EMBED_SWIFT_STANDARD_LIBRARIES = YES;
				DEVELOPMENT_TEAM = 22G24XCXDT;
				INFOPLIST_FILE = EclipseSoundscapesUITests/Info.plist;
				LD_RUNPATH_SEARCH_PATHS = "$(inherited) @executable_path/Frameworks @loader_path/Frameworks";
				PRODUCT_BUNDLE_IDENTIFIER = com.ArlindoGoncalves.EclipseSoundscapesUITests;
				PRODUCT_NAME = "$(TARGET_NAME)";
				SWIFT_VERSION = 3.0;
				TEST_TARGET_NAME = EclipseSoundscapes;
			};
			name = Debug;
		};
		B72DF5741ED724F300F9E4F3 /* Release */ = {
			isa = XCBuildConfiguration;
			baseConfigurationReference = B03672B260885DC3EA96D077 /* Pods-EclipseSoundscapesUITests.release.xcconfig */;
			buildSettings = {
				ALWAYS_EMBED_SWIFT_STANDARD_LIBRARIES = YES;
				DEVELOPMENT_TEAM = 22G24XCXDT;
				INFOPLIST_FILE = EclipseSoundscapesUITests/Info.plist;
				LD_RUNPATH_SEARCH_PATHS = "$(inherited) @executable_path/Frameworks @loader_path/Frameworks";
				PRODUCT_BUNDLE_IDENTIFIER = com.ArlindoGoncalves.EclipseSoundscapesUITests;
				PRODUCT_NAME = "$(TARGET_NAME)";
				SWIFT_VERSION = 3.0;
				TEST_TARGET_NAME = EclipseSoundscapes;
			};
			name = Release;
		};
/* End XCBuildConfiguration section */

/* Begin XCConfigurationList section */
		B72DF53C1ED724F300F9E4F3 /* Build configuration list for PBXProject "EclipseSoundscapes" */ = {
			isa = XCConfigurationList;
			buildConfigurations = (
				B72DF56A1ED724F300F9E4F3 /* Debug */,
				B72DF56B1ED724F300F9E4F3 /* Release */,
			);
			defaultConfigurationIsVisible = 0;
			defaultConfigurationName = Release;
		};
		B72DF56C1ED724F300F9E4F3 /* Build configuration list for PBXNativeTarget "EclipseSoundscapes" */ = {
			isa = XCConfigurationList;
			buildConfigurations = (
				B72DF56D1ED724F300F9E4F3 /* Debug */,
				B72DF56E1ED724F300F9E4F3 /* Release */,
			);
			defaultConfigurationIsVisible = 0;
			defaultConfigurationName = Release;
		};
		B72DF56F1ED724F300F9E4F3 /* Build configuration list for PBXNativeTarget "EclipseSoundscapesTests" */ = {
			isa = XCConfigurationList;
			buildConfigurations = (
				B72DF5701ED724F300F9E4F3 /* Debug */,
				B72DF5711ED724F300F9E4F3 /* Release */,
			);
			defaultConfigurationIsVisible = 0;
			defaultConfigurationName = Release;
		};
		B72DF5721ED724F300F9E4F3 /* Build configuration list for PBXNativeTarget "EclipseSoundscapesUITests" */ = {
			isa = XCConfigurationList;
			buildConfigurations = (
				B72DF5731ED724F300F9E4F3 /* Debug */,
				B72DF5741ED724F300F9E4F3 /* Release */,
			);
			defaultConfigurationIsVisible = 0;
			defaultConfigurationName = Release;
		};
/* End XCConfigurationList section */

/* Begin XCVersionGroup section */
		B758D8771ED794790033EE45 /* Recordings.xcdatamodeld */ = {
			isa = XCVersionGroup;
			children = (
				B758D8781ED794790033EE45 /* Recordings.xcdatamodel */,
			);
			currentVersion = B758D8781ED794790033EE45 /* Recordings.xcdatamodel */;
			path = Recordings.xcdatamodeld;
			sourceTree = "<group>";
			versionGroupType = wrapper.xcdatamodel;
		};
/* End XCVersionGroup section */
	};
	rootObject = B72DF5391ED724F300F9E4F3 /* Project object */;
}
