// !$*UTF8*$!
{
	archiveVersion = 1;
	classes = {
	};
	objectVersion = 46;
	objects = {

/* Begin PBXBuildFile section */
		70E439A017019D60659857BF /* Pods_EclipseSoundscapesTests.framework in Frameworks */ = {isa = PBXBuildFile; fileRef = 219BB4393901E45FBC7BD829 /* Pods_EclipseSoundscapesTests.framework */; };
		B70F0E021F2161FE00B9F3BA /* NotificationHelper.swift in Sources */ = {isa = PBXBuildFile; fileRef = B70F0E011F2161FE00B9F3BA /* NotificationHelper.swift */; };
		B71E206D1F3E20B500DBB82C /* Realtime_Eclipse_Shorts.mp3 in Resources */ = {isa = PBXBuildFile; fileRef = B71E206C1F3E20B500DBB82C /* Realtime_Eclipse_Shorts.mp3 */; };
		B72DF5451ED724F300F9E4F3 /* AppDelegate.swift in Sources */ = {isa = PBXBuildFile; fileRef = B72DF5441ED724F300F9E4F3 /* AppDelegate.swift */; };
		B72DF54A1ED724F300F9E4F3 /* Main.storyboard in Resources */ = {isa = PBXBuildFile; fileRef = B72DF5481ED724F300F9E4F3 /* Main.storyboard */; };
		B72DF54F1ED724F300F9E4F3 /* Assets.xcassets in Resources */ = {isa = PBXBuildFile; fileRef = B72DF54E1ED724F300F9E4F3 /* Assets.xcassets */; };
		B72DF5521ED724F300F9E4F3 /* LaunchScreen.storyboard in Resources */ = {isa = PBXBuildFile; fileRef = B72DF5501ED724F300F9E4F3 /* LaunchScreen.storyboard */; };
		B72DF55D1ED724F300F9E4F3 /* EclipseSoundscapesTests.swift in Sources */ = {isa = PBXBuildFile; fileRef = B72DF55C1ED724F300F9E4F3 /* EclipseSoundscapesTests.swift */; };
		B72DF5681ED724F300F9E4F3 /* EclipseSoundscapesUITests.swift in Sources */ = {isa = PBXBuildFile; fileRef = B72DF5671ED724F300F9E4F3 /* EclipseSoundscapesUITests.swift */; };
		B72DF57C1ED7252200F9E4F3 /* Authenticator.swift in Sources */ = {isa = PBXBuildFile; fileRef = B72DF5781ED7252200F9E4F3 /* Authenticator.swift */; };
		B7372E0C1F27A0CA00A71396 /* EclipseViewController.swift in Sources */ = {isa = PBXBuildFile; fileRef = B7372E0B1F27A0CA00A71396 /* EclipseViewController.swift */; };
		B7372E0E1F27A17E00A71396 /* CountDownCell.swift in Sources */ = {isa = PBXBuildFile; fileRef = B7372E0D1F27A17E00A71396 /* CountDownCell.swift */; };
		B7372E101F27A18C00A71396 /* CountDownCell.xib in Resources */ = {isa = PBXBuildFile; fileRef = B7372E0F1F27A18C00A71396 /* CountDownCell.xib */; };
		B7372E131F27B4EB00A71396 /* InfoCell.xib in Resources */ = {isa = PBXBuildFile; fileRef = B7372E121F27B4EB00A71396 /* InfoCell.xib */; };
		B7372E151F27B56000A71396 /* InfoCell.swift in Sources */ = {isa = PBXBuildFile; fileRef = B7372E141F27B56000A71396 /* InfoCell.swift */; };
		B73AE7341EE8332300BDBCE8 /* TapePlayer.swift in Sources */ = {isa = PBXBuildFile; fileRef = B73AE7331EE8332300BDBCE8 /* TapePlayer.swift */; };
		B73AE7361EE860A900BDBCE8 /* Constants.swift in Sources */ = {isa = PBXBuildFile; fileRef = B73AE7351EE860A900BDBCE8 /* Constants.swift */; };
		B73B20931F34600F003B8D8E /* FutureEventsViewController.swift in Sources */ = {isa = PBXBuildFile; fileRef = B73B20921F34600F003B8D8E /* FutureEventsViewController.swift */; };
		B73B20991F346736003B8D8E /* Future_Eclipses.json in Resources */ = {isa = PBXBuildFile; fileRef = B73B20981F346736003B8D8E /* Future_Eclipses.json */; };
		B73B20A01F375569003B8D8E /* MediaControlView.swift in Sources */ = {isa = PBXBuildFile; fileRef = B73B209F1F375569003B8D8E /* MediaControlView.swift */; };
		B73B20A21F388EE4003B8D8E /* MainEclipsePolyline.json in Resources */ = {isa = PBXBuildFile; fileRef = B73B20A11F388EE4003B8D8E /* MainEclipsePolyline.json */; };
		B73B20A41F38A8DA003B8D8E /* NoEclipseView.swift in Sources */ = {isa = PBXBuildFile; fileRef = B73B20A31F38A8DA003B8D8E /* NoEclipseView.swift */; };
		B7447A801F141EEF0077F1F7 /* SectionHeader.xib in Resources */ = {isa = PBXBuildFile; fileRef = B7447A7F1F141EEF0077F1F7 /* SectionHeader.xib */; };
		B745AE191F1E3BB20025946C /* PartnersViewController.swift in Sources */ = {isa = PBXBuildFile; fileRef = B745AE181F1E3BB20025946C /* PartnersViewController.swift */; };
		B745AE1D1F1E65570025946C /* InstructionsViewController.swift in Sources */ = {isa = PBXBuildFile; fileRef = B745AE1C1F1E65570025946C /* InstructionsViewController.swift */; };
		B745AE1F1F1E65900025946C /* SettingsViewController.swift in Sources */ = {isa = PBXBuildFile; fileRef = B745AE1E1F1E65900025946C /* SettingsViewController.swift */; };
		B745AE211F1E65B50025946C /* LegalViewController.swift in Sources */ = {isa = PBXBuildFile; fileRef = B745AE201F1E65B50025946C /* LegalViewController.swift */; };
		B745AE231F1E697F0025946C /* OpenSourceLibrary.swift in Sources */ = {isa = PBXBuildFile; fileRef = B745AE221F1E697F0025946C /* OpenSourceLibrary.swift */; };
		B745AE251F1E6A190025946C /* OpenSourceViewController.swift in Sources */ = {isa = PBXBuildFile; fileRef = B745AE241F1E6A190025946C /* OpenSourceViewController.swift */; };
		B745AE301F1E79820025946C /* AudioKit-License.txt in Resources */ = {isa = PBXBuildFile; fileRef = B745AE2A1F1E79820025946C /* AudioKit-License.txt */; };
		B745AE311F1E79820025946C /* BRYXBanner-License.txt in Resources */ = {isa = PBXBuildFile; fileRef = B745AE2B1F1E79820025946C /* BRYXBanner-License.txt */; };
		B745AE331F1E79820025946C /* Eureka-License.txt in Resources */ = {isa = PBXBuildFile; fileRef = B745AE2D1F1E79820025946C /* Eureka-License.txt */; };
		B745AE351F1E79820025946C /* SwiftSpinner-License.txt in Resources */ = {isa = PBXBuildFile; fileRef = B745AE2F1F1E79820025946C /* SwiftSpinner-License.txt */; };
		B745AE371F1E8A230025946C /* LicenseViewController.swift in Sources */ = {isa = PBXBuildFile; fileRef = B745AE361F1E8A230025946C /* LicenseViewController.swift */; };
		B745AE3B1F1E8D260025946C /* TeamViewController.swift in Sources */ = {isa = PBXBuildFile; fileRef = B745AE3A1F1E8D260025946C /* TeamViewController.swift */; };
		B7477FF81F51A4CD0057D87C /* Splash.swift in Sources */ = {isa = PBXBuildFile; fileRef = B7477FF71F51A4CD0057D87C /* Splash.swift */; };
		B75632B41F04037D00106B46 /* mapmarker.wav in Resources */ = {isa = PBXBuildFile; fileRef = B75632B31F04037D00106B46 /* mapmarker.wav */; };
		B75632B61F04038500106B46 /* xytick.wav in Resources */ = {isa = PBXBuildFile; fileRef = B75632B51F04038500106B46 /* xytick.wav */; };
		B758D8741ED78E120033EE45 /* Downloader.swift in Sources */ = {isa = PBXBuildFile; fileRef = B758D8731ED78E120033EE45 /* Downloader.swift */; };
		B758D8761ED78E310033EE45 /* Uploader.swift in Sources */ = {isa = PBXBuildFile; fileRef = B758D8751ED78E310033EE45 /* Uploader.swift */; };
		B758D8791ED794790033EE45 /* Recordings.xcdatamodeld in Sources */ = {isa = PBXBuildFile; fileRef = B758D8771ED794790033EE45 /* Recordings.xcdatamodeld */; };
		B75A137D1F43914000F5C27A /* PrivacyPolicyViewController.swift in Sources */ = {isa = PBXBuildFile; fileRef = B75A137C1F43914000F5C27A /* PrivacyPolicyViewController.swift */; };
		B76282901F26667C00430319 /* TeamMemberCell.xib in Resources */ = {isa = PBXBuildFile; fileRef = B762828E1F26667C00430319 /* TeamMemberCell.xib */; };
		B76282931F2667AB00430319 /* TeamMemberCell.swift in Sources */ = {isa = PBXBuildFile; fileRef = B76282921F2667AB00430319 /* TeamMemberCell.swift */; };
		B76282951F266B4200430319 /* PartnerCell.swift in Sources */ = {isa = PBXBuildFile; fileRef = B76282941F266B4200430319 /* PartnerCell.swift */; };
		B76282971F266C2800430319 /* PartnerCell.xib in Resources */ = {isa = PBXBuildFile; fileRef = B76282961F266C2800430319 /* PartnerCell.xib */; };
		B763FA011ED864F400EEFB27 /* Tape.swift in Sources */ = {isa = PBXBuildFile; fileRef = B763FA001ED864F400EEFB27 /* Tape.swift */; };
		B77417F11F0361EC00663C2E /* RumbleMapViewController.swift in Sources */ = {isa = PBXBuildFile; fileRef = B77417F01F0361EC00663C2E /* RumbleMapViewController.swift */; };
		B77417F41F03628700663C2E /* EclipseTimeGenerator.swift in Sources */ = {isa = PBXBuildFile; fileRef = B77417F31F03628700663C2E /* EclipseTimeGenerator.swift */; };
		B7806DB51F0D43880052A7CD /* Extensions.swift in Sources */ = {isa = PBXBuildFile; fileRef = B7806DB41F0D43880052A7CD /* Extensions.swift */; };
		B7806DB71F0D58AD0052A7CD /* MarkerContainer.swift in Sources */ = {isa = PBXBuildFile; fileRef = B7806DB61F0D58AD0052A7CD /* MarkerContainer.swift */; };
		B7806DB91F0D58CA0052A7CD /* RumbleMap.swift in Sources */ = {isa = PBXBuildFile; fileRef = B7806DB81F0D58CA0052A7CD /* RumbleMap.swift */; };
		B7806E5B1F0D5B580052A7CD /* CountdownView.xib in Resources */ = {isa = PBXBuildFile; fileRef = B7806E541F0D5B580052A7CD /* CountdownView.xib */; };
		B7806E5C1F0D5B580052A7CD /* CountdownNumberView.swift in Sources */ = {isa = PBXBuildFile; fileRef = B7806E551F0D5B580052A7CD /* CountdownNumberView.swift */; };
		B7806E5D1F0D5B580052A7CD /* CountdownTimeLeft.swift in Sources */ = {isa = PBXBuildFile; fileRef = B7806E561F0D5B580052A7CD /* CountdownTimeLeft.swift */; };
		B7806E5E1F0D5B580052A7CD /* CountdownView.swift in Sources */ = {isa = PBXBuildFile; fileRef = B7806E571F0D5B580052A7CD /* CountdownView.swift */; };
		B7806E5F1F0D5B580052A7CD /* CountdownViewModel.swift in Sources */ = {isa = PBXBuildFile; fileRef = B7806E581F0D5B580052A7CD /* CountdownViewModel.swift */; };
		B7806E601F0D5B580052A7CD /* StringExtensions.swift in Sources */ = {isa = PBXBuildFile; fileRef = B7806E591F0D5B580052A7CD /* StringExtensions.swift */; };
		B7806E611F0D5B580052A7CD /* UIViewExtensions.swift in Sources */ = {isa = PBXBuildFile; fileRef = B7806E5A1F0D5B580052A7CD /* UIViewExtensions.swift */; };
		B781E6E91F3124C60038C3F1 /* PhotoCredits.txt in Resources */ = {isa = PBXBuildFile; fileRef = B781E6E81F3124C60038C3F1 /* PhotoCredits.txt */; };
		B781E6EB1F3144D60038C3F1 /* Sun as a Star.txt in Resources */ = {isa = PBXBuildFile; fileRef = B781E6EA1F3144D60038C3F1 /* Sun as a Star.txt */; };
		B781E6ED1F31528E0038C3F1 /* PhotoCreditsViewController.swift in Sources */ = {isa = PBXBuildFile; fileRef = B781E6EC1F31528E0038C3F1 /* PhotoCreditsViewController.swift */; };
		B781E6EF1F3153560038C3F1 /* PhotoCreditCell.swift in Sources */ = {isa = PBXBuildFile; fileRef = B781E6EE1F3153560038C3F1 /* PhotoCreditCell.swift */; };
		B781E6F11F3153670038C3F1 /* PhotoCreditCell.xib in Resources */ = {isa = PBXBuildFile; fileRef = B781E6F01F3153670038C3F1 /* PhotoCreditCell.xib */; };
		B78A72DC1F51C0E500C2E540 /* PermissionViewController.swift in Sources */ = {isa = PBXBuildFile; fileRef = B78A72DB1F51C0E500C2E540 /* PermissionViewController.swift */; };
		B78A72DE1F51C16700C2E540 /* PermissionView.swift in Sources */ = {isa = PBXBuildFile; fileRef = B78A72DD1F51C16700C2E540 /* PermissionView.swift */; };
		B78D815C1F5097BC00D4C440 /* fabric.apikey in Resources */ = {isa = PBXBuildFile; fileRef = B78D815B1F5097BC00D4C440 /* fabric.apikey */; };
		B79263F41F0D828100062B8D /* Location.swift in Sources */ = {isa = PBXBuildFile; fileRef = B79263F31F0D828100062B8D /* Location.swift */; };
		B7964C341EF9B76400000CF8 /* Localizable.strings in Resources */ = {isa = PBXBuildFile; fileRef = B7964C361EF9B76400000CF8 /* Localizable.strings */; };
		B7A3B7801F2B941F0003C2C9 /* Baily's Beads.txt in Resources */ = {isa = PBXBuildFile; fileRef = B7A3B77F1F2B941F0003C2C9 /* Baily's Beads.txt */; };
		B7A3B7861F2B94380003C2C9 /* Totality.txt in Resources */ = {isa = PBXBuildFile; fileRef = B7A3B7811F2B94380003C2C9 /* Totality.txt */; };
		B7A3B7871F2B94380003C2C9 /* Prominence.txt in Resources */ = {isa = PBXBuildFile; fileRef = B7A3B7821F2B94380003C2C9 /* Prominence.txt */; };
		B7A3B7881F2B94380003C2C9 /* Helmet Streamers.txt in Resources */ = {isa = PBXBuildFile; fileRef = B7A3B7831F2B94380003C2C9 /* Helmet Streamers.txt */; };
		B7A3B7891F2B94380003C2C9 /* First Contact.txt in Resources */ = {isa = PBXBuildFile; fileRef = B7A3B7841F2B94380003C2C9 /* First Contact.txt */; };
		B7A3B78A1F2B94380003C2C9 /* Diamond Ring.txt in Resources */ = {isa = PBXBuildFile; fileRef = B7A3B7851F2B94380003C2C9 /* Diamond Ring.txt */; };
		B7A3B78C1F2B943F0003C2C9 /* Corona.txt in Resources */ = {isa = PBXBuildFile; fileRef = B7A3B78B1F2B943F0003C2C9 /* Corona.txt */; };
		B7A600B21F3B7C10005870BE /* Bailys_Beads_full.mp3 in Resources */ = {isa = PBXBuildFile; fileRef = B7A600A91F3B7C10005870BE /* Bailys_Beads_full.mp3 */; };
		B7A600B31F3B7C10005870BE /* Corona_full.mp3 in Resources */ = {isa = PBXBuildFile; fileRef = B7A600AA1F3B7C10005870BE /* Corona_full.mp3 */; };
		B7A600B41F3B7C10005870BE /* Diamond_Ring_full.mp3 in Resources */ = {isa = PBXBuildFile; fileRef = B7A600AB1F3B7C10005870BE /* Diamond_Ring_full.mp3 */; };
		B7A600B51F3B7C10005870BE /* First_Contact_full_with_date.mp3 in Resources */ = {isa = PBXBuildFile; fileRef = B7A600AC1F3B7C10005870BE /* First_Contact_full_with_date.mp3 */; };
		B7A600B61F3B7C10005870BE /* First_Contact_full_without_date.mp3 in Resources */ = {isa = PBXBuildFile; fileRef = B7A600AD1F3B7C10005870BE /* First_Contact_full_without_date.mp3 */; };
		B7A600B71F3B7C10005870BE /* Helmet_Streamers_full.mp3 in Resources */ = {isa = PBXBuildFile; fileRef = B7A600AE1F3B7C10005870BE /* Helmet_Streamers_full.mp3 */; };
		B7A600B81F3B7C10005870BE /* Prominence_full.mp3 in Resources */ = {isa = PBXBuildFile; fileRef = B7A600AF1F3B7C10005870BE /* Prominence_full.mp3 */; };
		B7A600B91F3B7C10005870BE /* Sun_as_a_Star_full.mp3 in Resources */ = {isa = PBXBuildFile; fileRef = B7A600B01F3B7C10005870BE /* Sun_as_a_Star_full.mp3 */; };
		B7A600BA1F3B7C10005870BE /* Totality_full.mp3 in Resources */ = {isa = PBXBuildFile; fileRef = B7A600B11F3B7C10005870BE /* Totality_full.mp3 */; };
		B7B16F3B1F3A63620036E396 /* RumbleMapInteractiveViewController.swift in Sources */ = {isa = PBXBuildFile; fileRef = B7B16F3A1F3A63620036E396 /* RumbleMapInteractiveViewController.swift */; };
		B7B16F3D1F3AB9870036E396 /* Media.swift in Sources */ = {isa = PBXBuildFile; fileRef = B7B16F3C1F3AB9870036E396 /* Media.swift */; };
		B7B16F421F3B3F4D0036E396 /* Bailys_Beads_Short.mp3 in Resources */ = {isa = PBXBuildFile; fileRef = B7B16F3E1F3B3F4D0036E396 /* Bailys_Beads_Short.mp3 */; };
		B7B16F431F3B3F4D0036E396 /* Diamond_Ring_short.mp3 in Resources */ = {isa = PBXBuildFile; fileRef = B7B16F3F1F3B3F4D0036E396 /* Diamond_Ring_short.mp3 */; };
		B7B16F441F3B3F4D0036E396 /* First_Contact_Short.mp3 in Resources */ = {isa = PBXBuildFile; fileRef = B7B16F401F3B3F4D0036E396 /* First_Contact_Short.mp3 */; };
		B7B16F451F3B3F4D0036E396 /* Totality_Short.mp3 in Resources */ = {isa = PBXBuildFile; fileRef = B7B16F411F3B3F4D0036E396 /* Totality_Short.mp3 */; };
		B7B16F471F3B40250036E396 /* First Contact-Short.txt in Resources */ = {isa = PBXBuildFile; fileRef = B7B16F461F3B40250036E396 /* First Contact-Short.txt */; };
		B7B16F491F3B40490036E396 /* Totality-Short.txt in Resources */ = {isa = PBXBuildFile; fileRef = B7B16F481F3B40490036E396 /* Totality-Short.txt */; };
		B7B16F4B1F3B407E0036E396 /* Diamond Ring-Short.txt in Resources */ = {isa = PBXBuildFile; fileRef = B7B16F4A1F3B407E0036E396 /* Diamond Ring-Short.txt */; };
		B7B16F4D1F3B409F0036E396 /* Baily's Beads-Short.txt in Resources */ = {isa = PBXBuildFile; fileRef = B7B16F4C1F3B409F0036E396 /* Baily's Beads-Short.txt */; };
		B7B19F801F2E901100EDE056 /* WalkthroughViewController.swift in Sources */ = {isa = PBXBuildFile; fileRef = B7B19F7F1F2E901100EDE056 /* WalkthroughViewController.swift */; };
		B7B19F851F2E909500EDE056 /* PermissionCell.swift in Sources */ = {isa = PBXBuildFile; fileRef = B7B19F821F2E909500EDE056 /* PermissionCell.swift */; };
		B7B19F861F2E909500EDE056 /* Page.swift in Sources */ = {isa = PBXBuildFile; fileRef = B7B19F831F2E909500EDE056 /* Page.swift */; };
		B7B19F871F2E909500EDE056 /* PageCell.swift in Sources */ = {isa = PBXBuildFile; fileRef = B7B19F841F2E909500EDE056 /* PageCell.swift */; };
		B7B19F891F2EC32900EDE056 /* SqueezeButton.swift in Sources */ = {isa = PBXBuildFile; fileRef = B7B19F881F2EC32900EDE056 /* SqueezeButton.swift */; };
		B7BD1AD31EF02A8800A739FA /* PlaybackViewController.swift in Sources */ = {isa = PBXBuildFile; fileRef = B7BD1AD21EF02A8800A739FA /* PlaybackViewController.swift */; };
		B7C4E1411EE751A6002A0F19 /* Utility.swift in Sources */ = {isa = PBXBuildFile; fileRef = B7C4E1401EE751A6002A0F19 /* Utility.swift */; };
		B7CAD7F41F5C71AB00A194C1 /* EventCell.swift in Sources */ = {isa = PBXBuildFile; fileRef = B7CAD7F31F5C71AB00A194C1 /* EventCell.swift */; };
		B7CAD7F61F5C71CE00A194C1 /* EventCell.xib in Resources */ = {isa = PBXBuildFile; fileRef = B7CAD7F51F5C71CE00A194C1 /* EventCell.xib */; };
		B7D84D0F1F59AEC200D21724 /* DynamicLabel.swift in Sources */ = {isa = PBXBuildFile; fileRef = B7D84D0E1F59AEC200D21724 /* DynamicLabel.swift */; };
		B7DE878F1F20FBE6001F69D8 /* LICENSE.txt in Resources */ = {isa = PBXBuildFile; fileRef = B7DE878E1F20FBE6001F69D8 /* LICENSE.txt */; };
		B7E7A9881F12A40200B239B8 /* AboutViewController.swift in Sources */ = {isa = PBXBuildFile; fileRef = B7E7A9871F12A40200B239B8 /* AboutViewController.swift */; };
		B7E7A98A1F12A59600B239B8 /* LogoView.swift in Sources */ = {isa = PBXBuildFile; fileRef = B7E7A9891F12A59600B239B8 /* LogoView.swift */; };
		B7EF1A421F3C0A6A004540C2 /* Intermission.txt in Resources */ = {isa = PBXBuildFile; fileRef = B7EF1A411F3C0A6A004540C2 /* Intermission.txt */; };
		B7EF1A441F3C0F7A004540C2 /* ThankYou.txt in Resources */ = {isa = PBXBuildFile; fileRef = B7EF1A431F3C0F7A004540C2 /* ThankYou.txt */; };
		B7F522F91EEF0D4A00A53A4A /* TabViewController.swift in Sources */ = {isa = PBXBuildFile; fileRef = B7F522F81EEF0D4A00A53A4A /* TabViewController.swift */; };
		B7F7559E1F3344700029DB4D /* MediaCenterViewController.swift in Sources */ = {isa = PBXBuildFile; fileRef = B7F7559D1F3344700029DB4D /* MediaCenterViewController.swift */; };
		B7F755A01F3344F30029DB4D /* MediaCell.swift in Sources */ = {isa = PBXBuildFile; fileRef = B7F7559F1F3344F30029DB4D /* MediaCell.swift */; };
		B7FD16961F54501B00053FA5 /* ParallaxView.swift in Sources */ = {isa = PBXBuildFile; fileRef = B7FD16951F54501B00053FA5 /* ParallaxView.swift */; };
		B7FD16981F545A7800053FA5 /* ShrinkableHeaderView.swift in Sources */ = {isa = PBXBuildFile; fileRef = B7FD16971F545A7800053FA5 /* ShrinkableHeaderView.swift */; };
		B7FD169A1F547F3500053FA5 /* Permission.swift in Sources */ = {isa = PBXBuildFile; fileRef = B7FD16991F547F3500053FA5 /* Permission.swift */; };
		B7FD169D1F54872E00053FA5 /* PermissionButton.swift in Sources */ = {isa = PBXBuildFile; fileRef = B7FD169C1F54872E00053FA5 /* PermissionButton.swift */; };
		D77B9349CAD58F1DB4B335FF /* Pods_EclipseSoundscapes.framework in Frameworks */ = {isa = PBXBuildFile; fileRef = 778A3D697CB2FFD5E4930902 /* Pods_EclipseSoundscapes.framework */; };
		EB7C715CF5F62E86B98ABEDD /* Pods_EclipseSoundscapesUITests.framework in Frameworks */ = {isa = PBXBuildFile; fileRef = 0A506BF43909D29D3B1E7AEE /* Pods_EclipseSoundscapesUITests.framework */; };
/* End PBXBuildFile section */

/* Begin PBXContainerItemProxy section */
		B72DF5591ED724F300F9E4F3 /* PBXContainerItemProxy */ = {
			isa = PBXContainerItemProxy;
			containerPortal = B72DF5391ED724F300F9E4F3 /* Project object */;
			proxyType = 1;
			remoteGlobalIDString = B72DF5401ED724F300F9E4F3;
			remoteInfo = EclipseSoundscapes;
		};
		B72DF5641ED724F300F9E4F3 /* PBXContainerItemProxy */ = {
			isa = PBXContainerItemProxy;
			containerPortal = B72DF5391ED724F300F9E4F3 /* Project object */;
			proxyType = 1;
			remoteGlobalIDString = B72DF5401ED724F300F9E4F3;
			remoteInfo = EclipseSoundscapes;
		};
/* End PBXContainerItemProxy section */

/* Begin PBXFileReference section */
		0A506BF43909D29D3B1E7AEE /* Pods_EclipseSoundscapesUITests.framework */ = {isa = PBXFileReference; explicitFileType = wrapper.framework; includeInIndex = 0; path = Pods_EclipseSoundscapesUITests.framework; sourceTree = BUILT_PRODUCTS_DIR; };
		219BB4393901E45FBC7BD829 /* Pods_EclipseSoundscapesTests.framework */ = {isa = PBXFileReference; explicitFileType = wrapper.framework; includeInIndex = 0; path = Pods_EclipseSoundscapesTests.framework; sourceTree = BUILT_PRODUCTS_DIR; };
		2BC585839D292E608D5F9225 /* Pods-EclipseSoundscapesTests.release.xcconfig */ = {isa = PBXFileReference; includeInIndex = 1; lastKnownFileType = text.xcconfig; name = "Pods-EclipseSoundscapesTests.release.xcconfig"; path = "Pods/Target Support Files/Pods-EclipseSoundscapesTests/Pods-EclipseSoundscapesTests.release.xcconfig"; sourceTree = "<group>"; };
		47C2DA347FC12156E3251FBE /* Pods-EclipseSoundscapesUITests.debug.xcconfig */ = {isa = PBXFileReference; includeInIndex = 1; lastKnownFileType = text.xcconfig; name = "Pods-EclipseSoundscapesUITests.debug.xcconfig"; path = "Pods/Target Support Files/Pods-EclipseSoundscapesUITests/Pods-EclipseSoundscapesUITests.debug.xcconfig"; sourceTree = "<group>"; };
		574FF5A80B92B374F0B382DF /* Pods-EclipseSoundscapes.release.xcconfig */ = {isa = PBXFileReference; includeInIndex = 1; lastKnownFileType = text.xcconfig; name = "Pods-EclipseSoundscapes.release.xcconfig"; path = "Pods/Target Support Files/Pods-EclipseSoundscapes/Pods-EclipseSoundscapes.release.xcconfig"; sourceTree = "<group>"; };
		5A5604FF69C8CA6A252C43F5 /* Pods-EclipseSoundscapesTests.debug.xcconfig */ = {isa = PBXFileReference; includeInIndex = 1; lastKnownFileType = text.xcconfig; name = "Pods-EclipseSoundscapesTests.debug.xcconfig"; path = "Pods/Target Support Files/Pods-EclipseSoundscapesTests/Pods-EclipseSoundscapesTests.debug.xcconfig"; sourceTree = "<group>"; };
		778A3D697CB2FFD5E4930902 /* Pods_EclipseSoundscapes.framework */ = {isa = PBXFileReference; explicitFileType = wrapper.framework; includeInIndex = 0; path = Pods_EclipseSoundscapes.framework; sourceTree = BUILT_PRODUCTS_DIR; };
		B03672B260885DC3EA96D077 /* Pods-EclipseSoundscapesUITests.release.xcconfig */ = {isa = PBXFileReference; includeInIndex = 1; lastKnownFileType = text.xcconfig; name = "Pods-EclipseSoundscapesUITests.release.xcconfig"; path = "Pods/Target Support Files/Pods-EclipseSoundscapesUITests/Pods-EclipseSoundscapesUITests.release.xcconfig"; sourceTree = "<group>"; };
		B70F0E011F2161FE00B9F3BA /* NotificationHelper.swift */ = {isa = PBXFileReference; fileEncoding = 4; lastKnownFileType = sourcecode.swift; path = NotificationHelper.swift; sourceTree = "<group>"; };
		B71E206C1F3E20B500DBB82C /* Realtime_Eclipse_Shorts.mp3 */ = {isa = PBXFileReference; lastKnownFileType = audio.mp3; path = Realtime_Eclipse_Shorts.mp3; sourceTree = "<group>"; };
		B72DF5411ED724F300F9E4F3 /* EclipseSoundscapes.app */ = {isa = PBXFileReference; explicitFileType = wrapper.application; includeInIndex = 0; path = EclipseSoundscapes.app; sourceTree = BUILT_PRODUCTS_DIR; };
		B72DF5441ED724F300F9E4F3 /* AppDelegate.swift */ = {isa = PBXFileReference; lastKnownFileType = sourcecode.swift; path = AppDelegate.swift; sourceTree = "<group>"; };
		B72DF5491ED724F300F9E4F3 /* Base */ = {isa = PBXFileReference; lastKnownFileType = file.storyboard; name = Base; path = Base.lproj/Main.storyboard; sourceTree = "<group>"; };
		B72DF54E1ED724F300F9E4F3 /* Assets.xcassets */ = {isa = PBXFileReference; lastKnownFileType = folder.assetcatalog; path = Assets.xcassets; sourceTree = "<group>"; };
		B72DF5511ED724F300F9E4F3 /* Base */ = {isa = PBXFileReference; lastKnownFileType = file.storyboard; name = Base; path = Base.lproj/LaunchScreen.storyboard; sourceTree = "<group>"; };
		B72DF5531ED724F300F9E4F3 /* Info.plist */ = {isa = PBXFileReference; lastKnownFileType = text.plist.xml; path = Info.plist; sourceTree = "<group>"; };
		B72DF5581ED724F300F9E4F3 /* EclipseSoundscapesTests.xctest */ = {isa = PBXFileReference; explicitFileType = wrapper.cfbundle; includeInIndex = 0; path = EclipseSoundscapesTests.xctest; sourceTree = BUILT_PRODUCTS_DIR; };
		B72DF55C1ED724F300F9E4F3 /* EclipseSoundscapesTests.swift */ = {isa = PBXFileReference; lastKnownFileType = sourcecode.swift; path = EclipseSoundscapesTests.swift; sourceTree = "<group>"; };
		B72DF55E1ED724F300F9E4F3 /* Info.plist */ = {isa = PBXFileReference; lastKnownFileType = text.plist.xml; path = Info.plist; sourceTree = "<group>"; };
		B72DF5631ED724F300F9E4F3 /* EclipseSoundscapesUITests.xctest */ = {isa = PBXFileReference; explicitFileType = wrapper.cfbundle; includeInIndex = 0; path = EclipseSoundscapesUITests.xctest; sourceTree = BUILT_PRODUCTS_DIR; };
		B72DF5671ED724F300F9E4F3 /* EclipseSoundscapesUITests.swift */ = {isa = PBXFileReference; lastKnownFileType = sourcecode.swift; path = EclipseSoundscapesUITests.swift; sourceTree = "<group>"; };
		B72DF5691ED724F300F9E4F3 /* Info.plist */ = {isa = PBXFileReference; lastKnownFileType = text.plist.xml; path = Info.plist; sourceTree = "<group>"; };
		B72DF5781ED7252200F9E4F3 /* Authenticator.swift */ = {isa = PBXFileReference; fileEncoding = 4; lastKnownFileType = sourcecode.swift; path = Authenticator.swift; sourceTree = "<group>"; };
		B7372E0B1F27A0CA00A71396 /* EclipseViewController.swift */ = {isa = PBXFileReference; fileEncoding = 4; lastKnownFileType = sourcecode.swift; path = EclipseViewController.swift; sourceTree = "<group>"; };
		B7372E0D1F27A17E00A71396 /* CountDownCell.swift */ = {isa = PBXFileReference; fileEncoding = 4; lastKnownFileType = sourcecode.swift; path = CountDownCell.swift; sourceTree = "<group>"; };
		B7372E0F1F27A18C00A71396 /* CountDownCell.xib */ = {isa = PBXFileReference; fileEncoding = 4; lastKnownFileType = file.xib; path = CountDownCell.xib; sourceTree = "<group>"; };
		B7372E121F27B4EB00A71396 /* InfoCell.xib */ = {isa = PBXFileReference; fileEncoding = 4; lastKnownFileType = file.xib; path = InfoCell.xib; sourceTree = "<group>"; };
		B7372E141F27B56000A71396 /* InfoCell.swift */ = {isa = PBXFileReference; fileEncoding = 4; lastKnownFileType = sourcecode.swift; path = InfoCell.swift; sourceTree = "<group>"; };
		B73AE7331EE8332300BDBCE8 /* TapePlayer.swift */ = {isa = PBXFileReference; fileEncoding = 4; lastKnownFileType = sourcecode.swift; path = TapePlayer.swift; sourceTree = "<group>"; };
		B73AE7351EE860A900BDBCE8 /* Constants.swift */ = {isa = PBXFileReference; fileEncoding = 4; lastKnownFileType = sourcecode.swift; path = Constants.swift; sourceTree = "<group>"; };
		B73B20921F34600F003B8D8E /* FutureEventsViewController.swift */ = {isa = PBXFileReference; fileEncoding = 4; lastKnownFileType = sourcecode.swift; path = FutureEventsViewController.swift; sourceTree = "<group>"; };
		B73B20981F346736003B8D8E /* Future_Eclipses.json */ = {isa = PBXFileReference; fileEncoding = 4; lastKnownFileType = text.json; path = Future_Eclipses.json; sourceTree = "<group>"; };
		B73B209F1F375569003B8D8E /* MediaControlView.swift */ = {isa = PBXFileReference; fileEncoding = 4; lastKnownFileType = sourcecode.swift; path = MediaControlView.swift; sourceTree = "<group>"; };
		B73B20A11F388EE4003B8D8E /* MainEclipsePolyline.json */ = {isa = PBXFileReference; fileEncoding = 4; lastKnownFileType = text.json; path = MainEclipsePolyline.json; sourceTree = "<group>"; };
		B73B20A31F38A8DA003B8D8E /* NoEclipseView.swift */ = {isa = PBXFileReference; fileEncoding = 4; lastKnownFileType = sourcecode.swift; path = NoEclipseView.swift; sourceTree = "<group>"; };
		B7447A7F1F141EEF0077F1F7 /* SectionHeader.xib */ = {isa = PBXFileReference; fileEncoding = 4; lastKnownFileType = file.xib; path = SectionHeader.xib; sourceTree = "<group>"; };
		B745AE181F1E3BB20025946C /* PartnersViewController.swift */ = {isa = PBXFileReference; fileEncoding = 4; lastKnownFileType = sourcecode.swift; path = PartnersViewController.swift; sourceTree = "<group>"; };
		B745AE1C1F1E65570025946C /* InstructionsViewController.swift */ = {isa = PBXFileReference; fileEncoding = 4; lastKnownFileType = sourcecode.swift; path = InstructionsViewController.swift; sourceTree = "<group>"; };
		B745AE1E1F1E65900025946C /* SettingsViewController.swift */ = {isa = PBXFileReference; fileEncoding = 4; lastKnownFileType = sourcecode.swift; path = SettingsViewController.swift; sourceTree = "<group>"; };
		B745AE201F1E65B50025946C /* LegalViewController.swift */ = {isa = PBXFileReference; fileEncoding = 4; lastKnownFileType = sourcecode.swift; path = LegalViewController.swift; sourceTree = "<group>"; };
		B745AE221F1E697F0025946C /* OpenSourceLibrary.swift */ = {isa = PBXFileReference; fileEncoding = 4; lastKnownFileType = sourcecode.swift; path = OpenSourceLibrary.swift; sourceTree = "<group>"; };
		B745AE241F1E6A190025946C /* OpenSourceViewController.swift */ = {isa = PBXFileReference; fileEncoding = 4; lastKnownFileType = sourcecode.swift; path = OpenSourceViewController.swift; sourceTree = "<group>"; };
		B745AE2A1F1E79820025946C /* AudioKit-License.txt */ = {isa = PBXFileReference; fileEncoding = 4; lastKnownFileType = text; path = "AudioKit-License.txt"; sourceTree = "<group>"; };
		B745AE2B1F1E79820025946C /* BRYXBanner-License.txt */ = {isa = PBXFileReference; fileEncoding = 4; lastKnownFileType = text; path = "BRYXBanner-License.txt"; sourceTree = "<group>"; };
		B745AE2D1F1E79820025946C /* Eureka-License.txt */ = {isa = PBXFileReference; fileEncoding = 4; lastKnownFileType = text; path = "Eureka-License.txt"; sourceTree = "<group>"; };
		B745AE2F1F1E79820025946C /* SwiftSpinner-License.txt */ = {isa = PBXFileReference; fileEncoding = 4; lastKnownFileType = text; path = "SwiftSpinner-License.txt"; sourceTree = "<group>"; };
		B745AE361F1E8A230025946C /* LicenseViewController.swift */ = {isa = PBXFileReference; fileEncoding = 4; lastKnownFileType = sourcecode.swift; path = LicenseViewController.swift; sourceTree = "<group>"; };
		B745AE3A1F1E8D260025946C /* TeamViewController.swift */ = {isa = PBXFileReference; fileEncoding = 4; lastKnownFileType = sourcecode.swift; path = TeamViewController.swift; sourceTree = "<group>"; };
		B7477FF71F51A4CD0057D87C /* Splash.swift */ = {isa = PBXFileReference; fileEncoding = 4; lastKnownFileType = sourcecode.swift; path = Splash.swift; sourceTree = "<group>"; };
		B75632B31F04037D00106B46 /* mapmarker.wav */ = {isa = PBXFileReference; lastKnownFileType = audio.wav; path = mapmarker.wav; sourceTree = "<group>"; };
		B75632B51F04038500106B46 /* xytick.wav */ = {isa = PBXFileReference; lastKnownFileType = audio.wav; path = xytick.wav; sourceTree = "<group>"; };
		B758D8731ED78E120033EE45 /* Downloader.swift */ = {isa = PBXFileReference; fileEncoding = 4; lastKnownFileType = sourcecode.swift; path = Downloader.swift; sourceTree = "<group>"; };
		B758D8751ED78E310033EE45 /* Uploader.swift */ = {isa = PBXFileReference; fileEncoding = 4; lastKnownFileType = sourcecode.swift; path = Uploader.swift; sourceTree = "<group>"; };
		B758D8781ED794790033EE45 /* Recordings.xcdatamodel */ = {isa = PBXFileReference; lastKnownFileType = wrapper.xcdatamodel; path = Recordings.xcdatamodel; sourceTree = "<group>"; };
		B75A137C1F43914000F5C27A /* PrivacyPolicyViewController.swift */ = {isa = PBXFileReference; fileEncoding = 4; lastKnownFileType = sourcecode.swift; path = PrivacyPolicyViewController.swift; sourceTree = "<group>"; };
		B762828E1F26667C00430319 /* TeamMemberCell.xib */ = {isa = PBXFileReference; fileEncoding = 4; lastKnownFileType = file.xib; path = TeamMemberCell.xib; sourceTree = "<group>"; };
		B76282921F2667AB00430319 /* TeamMemberCell.swift */ = {isa = PBXFileReference; fileEncoding = 4; lastKnownFileType = sourcecode.swift; path = TeamMemberCell.swift; sourceTree = "<group>"; };
		B76282941F266B4200430319 /* PartnerCell.swift */ = {isa = PBXFileReference; fileEncoding = 4; lastKnownFileType = sourcecode.swift; path = PartnerCell.swift; sourceTree = "<group>"; };
		B76282961F266C2800430319 /* PartnerCell.xib */ = {isa = PBXFileReference; fileEncoding = 4; lastKnownFileType = file.xib; path = PartnerCell.xib; sourceTree = "<group>"; };
		B763FA001ED864F400EEFB27 /* Tape.swift */ = {isa = PBXFileReference; fileEncoding = 4; lastKnownFileType = sourcecode.swift; path = Tape.swift; sourceTree = "<group>"; };
		B77417F01F0361EC00663C2E /* RumbleMapViewController.swift */ = {isa = PBXFileReference; fileEncoding = 4; lastKnownFileType = sourcecode.swift; path = RumbleMapViewController.swift; sourceTree = "<group>"; };
		B77417F31F03628700663C2E /* EclipseTimeGenerator.swift */ = {isa = PBXFileReference; fileEncoding = 4; lastKnownFileType = sourcecode.swift; path = EclipseTimeGenerator.swift; sourceTree = "<group>"; };
		B7806DB41F0D43880052A7CD /* Extensions.swift */ = {isa = PBXFileReference; fileEncoding = 4; lastKnownFileType = sourcecode.swift; path = Extensions.swift; sourceTree = "<group>"; };
		B7806DB61F0D58AD0052A7CD /* MarkerContainer.swift */ = {isa = PBXFileReference; fileEncoding = 4; lastKnownFileType = sourcecode.swift; path = MarkerContainer.swift; sourceTree = "<group>"; };
		B7806DB81F0D58CA0052A7CD /* RumbleMap.swift */ = {isa = PBXFileReference; fileEncoding = 4; lastKnownFileType = sourcecode.swift; path = RumbleMap.swift; sourceTree = "<group>"; };
		B7806E541F0D5B580052A7CD /* CountdownView.xib */ = {isa = PBXFileReference; fileEncoding = 4; lastKnownFileType = file.xib; path = CountdownView.xib; sourceTree = "<group>"; };
		B7806E551F0D5B580052A7CD /* CountdownNumberView.swift */ = {isa = PBXFileReference; fileEncoding = 4; lastKnownFileType = sourcecode.swift; path = CountdownNumberView.swift; sourceTree = "<group>"; };
		B7806E561F0D5B580052A7CD /* CountdownTimeLeft.swift */ = {isa = PBXFileReference; fileEncoding = 4; lastKnownFileType = sourcecode.swift; path = CountdownTimeLeft.swift; sourceTree = "<group>"; };
		B7806E571F0D5B580052A7CD /* CountdownView.swift */ = {isa = PBXFileReference; fileEncoding = 4; lastKnownFileType = sourcecode.swift; path = CountdownView.swift; sourceTree = "<group>"; };
		B7806E581F0D5B580052A7CD /* CountdownViewModel.swift */ = {isa = PBXFileReference; fileEncoding = 4; lastKnownFileType = sourcecode.swift; path = CountdownViewModel.swift; sourceTree = "<group>"; };
		B7806E591F0D5B580052A7CD /* StringExtensions.swift */ = {isa = PBXFileReference; fileEncoding = 4; lastKnownFileType = sourcecode.swift; path = StringExtensions.swift; sourceTree = "<group>"; };
		B7806E5A1F0D5B580052A7CD /* UIViewExtensions.swift */ = {isa = PBXFileReference; fileEncoding = 4; lastKnownFileType = sourcecode.swift; path = UIViewExtensions.swift; sourceTree = "<group>"; };
		B781E6E81F3124C60038C3F1 /* PhotoCredits.txt */ = {isa = PBXFileReference; fileEncoding = 4; lastKnownFileType = text; path = PhotoCredits.txt; sourceTree = "<group>"; };
		B781E6EA1F3144D60038C3F1 /* Sun as a Star.txt */ = {isa = PBXFileReference; fileEncoding = 4; lastKnownFileType = text; path = "Sun as a Star.txt"; sourceTree = "<group>"; };
		B781E6EC1F31528E0038C3F1 /* PhotoCreditsViewController.swift */ = {isa = PBXFileReference; fileEncoding = 4; lastKnownFileType = sourcecode.swift; path = PhotoCreditsViewController.swift; sourceTree = "<group>"; };
		B781E6EE1F3153560038C3F1 /* PhotoCreditCell.swift */ = {isa = PBXFileReference; fileEncoding = 4; lastKnownFileType = sourcecode.swift; path = PhotoCreditCell.swift; sourceTree = "<group>"; };
		B781E6F01F3153670038C3F1 /* PhotoCreditCell.xib */ = {isa = PBXFileReference; fileEncoding = 4; lastKnownFileType = file.xib; path = PhotoCreditCell.xib; sourceTree = "<group>"; };
		B78A72DB1F51C0E500C2E540 /* PermissionViewController.swift */ = {isa = PBXFileReference; lastKnownFileType = sourcecode.swift; path = PermissionViewController.swift; sourceTree = "<group>"; };
		B78A72DD1F51C16700C2E540 /* PermissionView.swift */ = {isa = PBXFileReference; lastKnownFileType = sourcecode.swift; path = PermissionView.swift; sourceTree = "<group>"; };
		B78D815B1F5097BC00D4C440 /* fabric.apikey */ = {isa = PBXFileReference; fileEncoding = 4; lastKnownFileType = text; path = fabric.apikey; sourceTree = "<group>"; };
		B79263F31F0D828100062B8D /* Location.swift */ = {isa = PBXFileReference; fileEncoding = 4; lastKnownFileType = sourcecode.swift; path = Location.swift; sourceTree = "<group>"; };
		B7964C351EF9B76400000CF8 /* Base */ = {isa = PBXFileReference; lastKnownFileType = text.plist.strings; name = Base; path = Base.lproj/Localizable.strings; sourceTree = "<group>"; };
		B7A3B77F1F2B941F0003C2C9 /* Baily's Beads.txt */ = {isa = PBXFileReference; fileEncoding = 4; lastKnownFileType = text; path = "Baily's Beads.txt"; sourceTree = "<group>"; };
		B7A3B7811F2B94380003C2C9 /* Totality.txt */ = {isa = PBXFileReference; fileEncoding = 4; lastKnownFileType = text; path = Totality.txt; sourceTree = "<group>"; };
		B7A3B7821F2B94380003C2C9 /* Prominence.txt */ = {isa = PBXFileReference; fileEncoding = 4; lastKnownFileType = text; path = Prominence.txt; sourceTree = "<group>"; };
		B7A3B7831F2B94380003C2C9 /* Helmet Streamers.txt */ = {isa = PBXFileReference; fileEncoding = 4; lastKnownFileType = text; path = "Helmet Streamers.txt"; sourceTree = "<group>"; };
		B7A3B7841F2B94380003C2C9 /* First Contact.txt */ = {isa = PBXFileReference; fileEncoding = 4; lastKnownFileType = text; path = "First Contact.txt"; sourceTree = "<group>"; };
		B7A3B7851F2B94380003C2C9 /* Diamond Ring.txt */ = {isa = PBXFileReference; fileEncoding = 4; lastKnownFileType = text; path = "Diamond Ring.txt"; sourceTree = "<group>"; };
		B7A3B78B1F2B943F0003C2C9 /* Corona.txt */ = {isa = PBXFileReference; fileEncoding = 4; lastKnownFileType = text; path = Corona.txt; sourceTree = "<group>"; };
		B7A600A91F3B7C10005870BE /* Bailys_Beads_full.mp3 */ = {isa = PBXFileReference; lastKnownFileType = audio.mp3; path = Bailys_Beads_full.mp3; sourceTree = "<group>"; };
		B7A600AA1F3B7C10005870BE /* Corona_full.mp3 */ = {isa = PBXFileReference; lastKnownFileType = audio.mp3; path = Corona_full.mp3; sourceTree = "<group>"; };
		B7A600AB1F3B7C10005870BE /* Diamond_Ring_full.mp3 */ = {isa = PBXFileReference; lastKnownFileType = audio.mp3; path = Diamond_Ring_full.mp3; sourceTree = "<group>"; };
		B7A600AC1F3B7C10005870BE /* First_Contact_full_with_date.mp3 */ = {isa = PBXFileReference; lastKnownFileType = audio.mp3; path = First_Contact_full_with_date.mp3; sourceTree = "<group>"; };
		B7A600AD1F3B7C10005870BE /* First_Contact_full_without_date.mp3 */ = {isa = PBXFileReference; lastKnownFileType = audio.mp3; path = First_Contact_full_without_date.mp3; sourceTree = "<group>"; };
		B7A600AE1F3B7C10005870BE /* Helmet_Streamers_full.mp3 */ = {isa = PBXFileReference; lastKnownFileType = audio.mp3; path = Helmet_Streamers_full.mp3; sourceTree = "<group>"; };
		B7A600AF1F3B7C10005870BE /* Prominence_full.mp3 */ = {isa = PBXFileReference; lastKnownFileType = audio.mp3; path = Prominence_full.mp3; sourceTree = "<group>"; };
		B7A600B01F3B7C10005870BE /* Sun_as_a_Star_full.mp3 */ = {isa = PBXFileReference; lastKnownFileType = audio.mp3; path = Sun_as_a_Star_full.mp3; sourceTree = "<group>"; };
		B7A600B11F3B7C10005870BE /* Totality_full.mp3 */ = {isa = PBXFileReference; lastKnownFileType = audio.mp3; path = Totality_full.mp3; sourceTree = "<group>"; };
		B7B16F3A1F3A63620036E396 /* RumbleMapInteractiveViewController.swift */ = {isa = PBXFileReference; fileEncoding = 4; lastKnownFileType = sourcecode.swift; path = RumbleMapInteractiveViewController.swift; sourceTree = "<group>"; };
		B7B16F3C1F3AB9870036E396 /* Media.swift */ = {isa = PBXFileReference; fileEncoding = 4; lastKnownFileType = sourcecode.swift; path = Media.swift; sourceTree = "<group>"; };
		B7B16F3E1F3B3F4D0036E396 /* Bailys_Beads_Short.mp3 */ = {isa = PBXFileReference; lastKnownFileType = audio.mp3; path = Bailys_Beads_Short.mp3; sourceTree = "<group>"; };
		B7B16F3F1F3B3F4D0036E396 /* Diamond_Ring_short.mp3 */ = {isa = PBXFileReference; lastKnownFileType = audio.mp3; path = Diamond_Ring_short.mp3; sourceTree = "<group>"; };
		B7B16F401F3B3F4D0036E396 /* First_Contact_Short.mp3 */ = {isa = PBXFileReference; lastKnownFileType = audio.mp3; path = First_Contact_Short.mp3; sourceTree = "<group>"; };
		B7B16F411F3B3F4D0036E396 /* Totality_Short.mp3 */ = {isa = PBXFileReference; lastKnownFileType = audio.mp3; path = Totality_Short.mp3; sourceTree = "<group>"; };
		B7B16F461F3B40250036E396 /* First Contact-Short.txt */ = {isa = PBXFileReference; fileEncoding = 4; lastKnownFileType = text; path = "First Contact-Short.txt"; sourceTree = "<group>"; };
		B7B16F481F3B40490036E396 /* Totality-Short.txt */ = {isa = PBXFileReference; fileEncoding = 4; lastKnownFileType = text; path = "Totality-Short.txt"; sourceTree = "<group>"; };
		B7B16F4A1F3B407E0036E396 /* Diamond Ring-Short.txt */ = {isa = PBXFileReference; fileEncoding = 4; lastKnownFileType = text; path = "Diamond Ring-Short.txt"; sourceTree = "<group>"; };
		B7B16F4C1F3B409F0036E396 /* Baily's Beads-Short.txt */ = {isa = PBXFileReference; fileEncoding = 4; lastKnownFileType = text; path = "Baily's Beads-Short.txt"; sourceTree = "<group>"; };
		B7B19F7F1F2E901100EDE056 /* WalkthroughViewController.swift */ = {isa = PBXFileReference; fileEncoding = 4; lastKnownFileType = sourcecode.swift; path = WalkthroughViewController.swift; sourceTree = "<group>"; };
		B7B19F821F2E909500EDE056 /* PermissionCell.swift */ = {isa = PBXFileReference; fileEncoding = 4; lastKnownFileType = sourcecode.swift; path = PermissionCell.swift; sourceTree = "<group>"; };
		B7B19F831F2E909500EDE056 /* Page.swift */ = {isa = PBXFileReference; fileEncoding = 4; lastKnownFileType = sourcecode.swift; path = Page.swift; sourceTree = "<group>"; };
		B7B19F841F2E909500EDE056 /* PageCell.swift */ = {isa = PBXFileReference; fileEncoding = 4; lastKnownFileType = sourcecode.swift; path = PageCell.swift; sourceTree = "<group>"; };
		B7B19F881F2EC32900EDE056 /* SqueezeButton.swift */ = {isa = PBXFileReference; fileEncoding = 4; lastKnownFileType = sourcecode.swift; path = SqueezeButton.swift; sourceTree = "<group>"; };
		B7BD1AD21EF02A8800A739FA /* PlaybackViewController.swift */ = {isa = PBXFileReference; fileEncoding = 4; lastKnownFileType = sourcecode.swift; path = PlaybackViewController.swift; sourceTree = "<group>"; };
		B7C4E1401EE751A6002A0F19 /* Utility.swift */ = {isa = PBXFileReference; fileEncoding = 4; lastKnownFileType = sourcecode.swift; path = Utility.swift; sourceTree = "<group>"; };
		B7CAD7F31F5C71AB00A194C1 /* EventCell.swift */ = {isa = PBXFileReference; fileEncoding = 4; lastKnownFileType = sourcecode.swift; path = EventCell.swift; sourceTree = "<group>"; };
		B7CAD7F51F5C71CE00A194C1 /* EventCell.xib */ = {isa = PBXFileReference; fileEncoding = 4; lastKnownFileType = file.xib; path = EventCell.xib; sourceTree = "<group>"; };
		B7D84D0E1F59AEC200D21724 /* DynamicLabel.swift */ = {isa = PBXFileReference; fileEncoding = 4; lastKnownFileType = sourcecode.swift; path = DynamicLabel.swift; sourceTree = "<group>"; };
		B7DE878E1F20FBE6001F69D8 /* LICENSE.txt */ = {isa = PBXFileReference; fileEncoding = 4; lastKnownFileType = text; path = LICENSE.txt; sourceTree = "<group>"; };
		B7E7A9871F12A40200B239B8 /* AboutViewController.swift */ = {isa = PBXFileReference; fileEncoding = 4; lastKnownFileType = sourcecode.swift; path = AboutViewController.swift; sourceTree = "<group>"; };
		B7E7A9891F12A59600B239B8 /* LogoView.swift */ = {isa = PBXFileReference; fileEncoding = 4; lastKnownFileType = sourcecode.swift; path = LogoView.swift; sourceTree = "<group>"; };
		B7EF1A411F3C0A6A004540C2 /* Intermission.txt */ = {isa = PBXFileReference; fileEncoding = 4; lastKnownFileType = text; path = Intermission.txt; sourceTree = "<group>"; };
		B7EF1A431F3C0F7A004540C2 /* ThankYou.txt */ = {isa = PBXFileReference; fileEncoding = 4; lastKnownFileType = text; path = ThankYou.txt; sourceTree = "<group>"; };
		B7F522F81EEF0D4A00A53A4A /* TabViewController.swift */ = {isa = PBXFileReference; fileEncoding = 4; lastKnownFileType = sourcecode.swift; path = TabViewController.swift; sourceTree = "<group>"; };
		B7F7559D1F3344700029DB4D /* MediaCenterViewController.swift */ = {isa = PBXFileReference; fileEncoding = 4; lastKnownFileType = sourcecode.swift; path = MediaCenterViewController.swift; sourceTree = "<group>"; };
		B7F7559F1F3344F30029DB4D /* MediaCell.swift */ = {isa = PBXFileReference; fileEncoding = 4; lastKnownFileType = sourcecode.swift; path = MediaCell.swift; sourceTree = "<group>"; };
		B7FD16951F54501B00053FA5 /* ParallaxView.swift */ = {isa = PBXFileReference; fileEncoding = 4; lastKnownFileType = sourcecode.swift; path = ParallaxView.swift; sourceTree = "<group>"; };
		B7FD16971F545A7800053FA5 /* ShrinkableHeaderView.swift */ = {isa = PBXFileReference; fileEncoding = 4; lastKnownFileType = sourcecode.swift; path = ShrinkableHeaderView.swift; sourceTree = "<group>"; };
		B7FD16991F547F3500053FA5 /* Permission.swift */ = {isa = PBXFileReference; fileEncoding = 4; lastKnownFileType = sourcecode.swift; path = Permission.swift; sourceTree = "<group>"; };
		B7FD169C1F54872E00053FA5 /* PermissionButton.swift */ = {isa = PBXFileReference; fileEncoding = 4; lastKnownFileType = sourcecode.swift; path = PermissionButton.swift; sourceTree = "<group>"; };
		EC9068B8CBBFDE24E65A9DBE /* Pods-EclipseSoundscapes.debug.xcconfig */ = {isa = PBXFileReference; includeInIndex = 1; lastKnownFileType = text.xcconfig; name = "Pods-EclipseSoundscapes.debug.xcconfig"; path = "Pods/Target Support Files/Pods-EclipseSoundscapes/Pods-EclipseSoundscapes.debug.xcconfig"; sourceTree = "<group>"; };
/* End PBXFileReference section */

/* Begin PBXFrameworksBuildPhase section */
		B72DF53E1ED724F300F9E4F3 /* Frameworks */ = {
			isa = PBXFrameworksBuildPhase;
			buildActionMask = 2147483647;
			files = (
				D77B9349CAD58F1DB4B335FF /* Pods_EclipseSoundscapes.framework in Frameworks */,
			);
			runOnlyForDeploymentPostprocessing = 0;
		};
		B72DF5551ED724F300F9E4F3 /* Frameworks */ = {
			isa = PBXFrameworksBuildPhase;
			buildActionMask = 2147483647;
			files = (
				70E439A017019D60659857BF /* Pods_EclipseSoundscapesTests.framework in Frameworks */,
			);
			runOnlyForDeploymentPostprocessing = 0;
		};
		B72DF5601ED724F300F9E4F3 /* Frameworks */ = {
			isa = PBXFrameworksBuildPhase;
			buildActionMask = 2147483647;
			files = (
				EB7C715CF5F62E86B98ABEDD /* Pods_EclipseSoundscapesUITests.framework in Frameworks */,
			);
			runOnlyForDeploymentPostprocessing = 0;
		};
/* End PBXFrameworksBuildPhase section */

/* Begin PBXGroup section */
		0AC59B163A693564E0A25AC4 /* Pods */ = {
			isa = PBXGroup;
			children = (
				EC9068B8CBBFDE24E65A9DBE /* Pods-EclipseSoundscapes.debug.xcconfig */,
				574FF5A80B92B374F0B382DF /* Pods-EclipseSoundscapes.release.xcconfig */,
				5A5604FF69C8CA6A252C43F5 /* Pods-EclipseSoundscapesTests.debug.xcconfig */,
				2BC585839D292E608D5F9225 /* Pods-EclipseSoundscapesTests.release.xcconfig */,
				47C2DA347FC12156E3251FBE /* Pods-EclipseSoundscapesUITests.debug.xcconfig */,
				B03672B260885DC3EA96D077 /* Pods-EclipseSoundscapesUITests.release.xcconfig */,
			);
			name = Pods;
			sourceTree = "<group>";
		};
		8DBF39B7320E61B9CF8A0F70 /* Frameworks */ = {
			isa = PBXGroup;
			children = (
				778A3D697CB2FFD5E4930902 /* Pods_EclipseSoundscapes.framework */,
				219BB4393901E45FBC7BD829 /* Pods_EclipseSoundscapesTests.framework */,
				0A506BF43909D29D3B1E7AEE /* Pods_EclipseSoundscapesUITests.framework */,
			);
			name = Frameworks;
			sourceTree = "<group>";
		};
		B72DF5381ED724F300F9E4F3 = {
			isa = PBXGroup;
			children = (
				B72DF5431ED724F300F9E4F3 /* EclipseSoundscapes */,
				B72DF55B1ED724F300F9E4F3 /* EclipseSoundscapesTests */,
				B72DF5661ED724F300F9E4F3 /* EclipseSoundscapesUITests */,
				B72DF5421ED724F300F9E4F3 /* Products */,
				0AC59B163A693564E0A25AC4 /* Pods */,
				8DBF39B7320E61B9CF8A0F70 /* Frameworks */,
			);
			sourceTree = "<group>";
		};
		B72DF5421ED724F300F9E4F3 /* Products */ = {
			isa = PBXGroup;
			children = (
				B72DF5411ED724F300F9E4F3 /* EclipseSoundscapes.app */,
				B72DF5581ED724F300F9E4F3 /* EclipseSoundscapesTests.xctest */,
				B72DF5631ED724F300F9E4F3 /* EclipseSoundscapesUITests.xctest */,
			);
			name = Products;
			sourceTree = "<group>";
		};
		B72DF5431ED724F300F9E4F3 /* EclipseSoundscapes */ = {
			isa = PBXGroup;
			children = (
				B7B19F811F2E903800EDE056 /* Walkthrough */,
				B7FD169B1F54842100053FA5 /* Permissions */,
				B72DF5441ED724F300F9E4F3 /* AppDelegate.swift */,
				B73AE7351EE860A900BDBCE8 /* Constants.swift */,
				B7806DB41F0D43880052A7CD /* Extensions.swift */,
				B7F522F71EEF0A9B00A53A4A /* Controllers */,
				B76F34501EDE1E1D006E76D2 /* Helpers */,
				B76F344D1EDE1DDE006E76D2 /* Models */,
				B7F522F31EEC588500A53A4A /* Views */,
				B75632B71F04038D00106B46 /* Resources */,
				B72DF5481ED724F300F9E4F3 /* Main.storyboard */,
				B72DF54E1ED724F300F9E4F3 /* Assets.xcassets */,
				B72DF5501ED724F300F9E4F3 /* LaunchScreen.storyboard */,
				B7964C361EF9B76400000CF8 /* Localizable.strings */,
				B78D815B1F5097BC00D4C440 /* fabric.apikey */,
				B72DF5531ED724F300F9E4F3 /* Info.plist */,
			);
			path = EclipseSoundscapes;
			sourceTree = "<group>";
		};
		B72DF55B1ED724F300F9E4F3 /* EclipseSoundscapesTests */ = {
			isa = PBXGroup;
			children = (
				B72DF55C1ED724F300F9E4F3 /* EclipseSoundscapesTests.swift */,
				B72DF55E1ED724F300F9E4F3 /* Info.plist */,
			);
			path = EclipseSoundscapesTests;
			sourceTree = "<group>";
		};
		B72DF5661ED724F300F9E4F3 /* EclipseSoundscapesUITests */ = {
			isa = PBXGroup;
			children = (
				B72DF5671ED724F300F9E4F3 /* EclipseSoundscapesUITests.swift */,
				B72DF5691ED724F300F9E4F3 /* Info.plist */,
			);
			path = EclipseSoundscapesUITests;
			sourceTree = "<group>";
		};
		B73B209A1F35083A003B8D8E /* Audio */ = {
			isa = PBXGroup;
			children = (
				B7A600A81F3B7C06005870BE /* Full */,
				B7A600A71F3B7BE4005870BE /* Short */,
			);
			name = Audio;
			sourceTree = "<group>";
		};
		B75632B71F04038D00106B46 /* Resources */ = {
			isa = PBXGroup;
			children = (
				B73B20A11F388EE4003B8D8E /* MainEclipsePolyline.json */,
				B73B20981F346736003B8D8E /* Future_Eclipses.json */,
				B73B209A1F35083A003B8D8E /* Audio */,
				B781E6E81F3124C60038C3F1 /* PhotoCredits.txt */,
				B7A3B78D1F2B94540003C2C9 /* Descriptions */,
				B7A3B78E1F2B94630003C2C9 /* Licenses */,
				B7A3B78F1F2B94730003C2C9 /* Sounds */,
			);
			name = Resources;
			sourceTree = "<group>";
		};
		B76F344D1EDE1DDE006E76D2 /* Models */ = {
			isa = PBXGroup;
			children = (
				B7B19F831F2E909500EDE056 /* Page.swift */,
				B7B16F3C1F3AB9870036E396 /* Media.swift */,
				B758D8771ED794790033EE45 /* Recordings.xcdatamodeld */,
				B745AE221F1E697F0025946C /* OpenSourceLibrary.swift */,
				B763FA001ED864F400EEFB27 /* Tape.swift */,
			);
			name = Models;
			sourceTree = "<group>";
		};
		B76F344E1EDE1DF8006E76D2 /* Networking */ = {
			isa = PBXGroup;
			children = (
				B758D8731ED78E120033EE45 /* Downloader.swift */,
				B758D8751ED78E310033EE45 /* Uploader.swift */,
				B72DF5781ED7252200F9E4F3 /* Authenticator.swift */,
			);
			name = Networking;
			sourceTree = "<group>";
		};
		B76F34501EDE1E1D006E76D2 /* Helpers */ = {
			isa = PBXGroup;
			children = (
				B70F0E011F2161FE00B9F3BA /* NotificationHelper.swift */,
				B79263F31F0D828100062B8D /* Location.swift */,
				B79ED4131EDF5CB1001D5745 /* Audio */,
				B76F344E1EDE1DF8006E76D2 /* Networking */,
				B7C4E1401EE751A6002A0F19 /* Utility.swift */,
				B77417F31F03628700663C2E /* EclipseTimeGenerator.swift */,
				B7806DB61F0D58AD0052A7CD /* MarkerContainer.swift */,
			);
			name = Helpers;
			sourceTree = "<group>";
		};
		B7806E531F0D5B400052A7CD /* CountDown */ = {
			isa = PBXGroup;
			children = (
				B7806E541F0D5B580052A7CD /* CountdownView.xib */,
				B7806E551F0D5B580052A7CD /* CountdownNumberView.swift */,
				B7806E561F0D5B580052A7CD /* CountdownTimeLeft.swift */,
				B7806E571F0D5B580052A7CD /* CountdownView.swift */,
				B7806E581F0D5B580052A7CD /* CountdownViewModel.swift */,
				B7806E591F0D5B580052A7CD /* StringExtensions.swift */,
				B7806E5A1F0D5B580052A7CD /* UIViewExtensions.swift */,
			);
			name = CountDown;
			sourceTree = "<group>";
		};
		B79ED4131EDF5CB1001D5745 /* Audio */ = {
			isa = PBXGroup;
			children = (
				B73AE7331EE8332300BDBCE8 /* TapePlayer.swift */,
			);
			name = Audio;
			sourceTree = "<group>";
		};
		B7A3B78D1F2B94540003C2C9 /* Descriptions */ = {
			isa = PBXGroup;
			children = (
				B7A3B77F1F2B941F0003C2C9 /* Baily's Beads.txt */,
				B7A3B7811F2B94380003C2C9 /* Totality.txt */,
				B7A3B7821F2B94380003C2C9 /* Prominence.txt */,
				B7A3B7831F2B94380003C2C9 /* Helmet Streamers.txt */,
				B7A3B7841F2B94380003C2C9 /* First Contact.txt */,
				B7B16F461F3B40250036E396 /* First Contact-Short.txt */,
				B7B16F481F3B40490036E396 /* Totality-Short.txt */,
				B7B16F4A1F3B407E0036E396 /* Diamond Ring-Short.txt */,
				B7B16F4C1F3B409F0036E396 /* Baily's Beads-Short.txt */,
				B7A3B7851F2B94380003C2C9 /* Diamond Ring.txt */,
				B7A3B78B1F2B943F0003C2C9 /* Corona.txt */,
				B781E6EA1F3144D60038C3F1 /* Sun as a Star.txt */,
				B7EF1A411F3C0A6A004540C2 /* Intermission.txt */,
				B7EF1A431F3C0F7A004540C2 /* ThankYou.txt */,
			);
			name = Descriptions;
			sourceTree = "<group>";
		};
		B7A3B78E1F2B94630003C2C9 /* Licenses */ = {
			isa = PBXGroup;
			children = (
				B745AE2A1F1E79820025946C /* AudioKit-License.txt */,
				B745AE2B1F1E79820025946C /* BRYXBanner-License.txt */,
				B745AE2D1F1E79820025946C /* Eureka-License.txt */,
				B745AE2F1F1E79820025946C /* SwiftSpinner-License.txt */,
				B7DE878E1F20FBE6001F69D8 /* LICENSE.txt */,
			);
			name = Licenses;
			sourceTree = "<group>";
		};
		B7A3B78F1F2B94730003C2C9 /* Sounds */ = {
			isa = PBXGroup;
			children = (
				B75632B31F04037D00106B46 /* mapmarker.wav */,
				B75632B51F04038500106B46 /* xytick.wav */,
			);
			name = Sounds;
			sourceTree = "<group>";
		};
		B7A600A71F3B7BE4005870BE /* Short */ = {
			isa = PBXGroup;
			children = (
				B71E206C1F3E20B500DBB82C /* Realtime_Eclipse_Shorts.mp3 */,
				B7B16F3E1F3B3F4D0036E396 /* Bailys_Beads_Short.mp3 */,
				B7B16F3F1F3B3F4D0036E396 /* Diamond_Ring_short.mp3 */,
				B7B16F401F3B3F4D0036E396 /* First_Contact_Short.mp3 */,
				B7B16F411F3B3F4D0036E396 /* Totality_Short.mp3 */,
			);
			name = Short;
			sourceTree = "<group>";
		};
		B7A600A81F3B7C06005870BE /* Full */ = {
			isa = PBXGroup;
			children = (
				B7A600A91F3B7C10005870BE /* Bailys_Beads_full.mp3 */,
				B7A600AA1F3B7C10005870BE /* Corona_full.mp3 */,
				B7A600AB1F3B7C10005870BE /* Diamond_Ring_full.mp3 */,
				B7A600AC1F3B7C10005870BE /* First_Contact_full_with_date.mp3 */,
				B7A600AD1F3B7C10005870BE /* First_Contact_full_without_date.mp3 */,
				B7A600AE1F3B7C10005870BE /* Helmet_Streamers_full.mp3 */,
				B7A600AF1F3B7C10005870BE /* Prominence_full.mp3 */,
				B7A600B01F3B7C10005870BE /* Sun_as_a_Star_full.mp3 */,
				B7A600B11F3B7C10005870BE /* Totality_full.mp3 */,
			);
			name = Full;
			sourceTree = "<group>";
		};
		B7B19F811F2E903800EDE056 /* Walkthrough */ = {
			isa = PBXGroup;
			children = (
				B7B19F7F1F2E901100EDE056 /* WalkthroughViewController.swift */,
			);
			name = Walkthrough;
			sourceTree = "<group>";
		};
		B7F522F31EEC588500A53A4A /* Views */ = {
			isa = PBXGroup;
			children = (
				B7D84D0E1F59AEC200D21724 /* DynamicLabel.swift */,
				B7FD16971F545A7800053FA5 /* ShrinkableHeaderView.swift */,
				B7FD16951F54501B00053FA5 /* ParallaxView.swift */,
				B7FD16941F53C93800053FA5 /* Cells */,
				B7806E531F0D5B400052A7CD /* CountDown */,
				B73B20A31F38A8DA003B8D8E /* NoEclipseView.swift */,
				B7477FF71F51A4CD0057D87C /* Splash.swift */,
				B7B19F881F2EC32900EDE056 /* SqueezeButton.swift */,
				B73B209F1F375569003B8D8E /* MediaControlView.swift */,
				B7E7A9891F12A59600B239B8 /* LogoView.swift */,
				B7806DB81F0D58CA0052A7CD /* RumbleMap.swift */,
			);
			name = Views;
			sourceTree = "<group>";
		};
		B7F522F71EEF0A9B00A53A4A /* Controllers */ = {
			isa = PBXGroup;
			children = (
				B7F522F81EEF0D4A00A53A4A /* TabViewController.swift */,
				B7F7559D1F3344700029DB4D /* MediaCenterViewController.swift */,
				B7BD1AD21EF02A8800A739FA /* PlaybackViewController.swift */,
				B7372E0B1F27A0CA00A71396 /* EclipseViewController.swift */,
				B77417F01F0361EC00663C2E /* RumbleMapViewController.swift */,
				B7B16F3A1F3A63620036E396 /* RumbleMapInteractiveViewController.swift */,
				B7E7A9871F12A40200B239B8 /* AboutViewController.swift */,
				B745AE181F1E3BB20025946C /* PartnersViewController.swift */,
				B745AE3A1F1E8D260025946C /* TeamViewController.swift */,
				B745AE1C1F1E65570025946C /* InstructionsViewController.swift */,
				B745AE1E1F1E65900025946C /* SettingsViewController.swift */,
				B745AE201F1E65B50025946C /* LegalViewController.swift */,
				B75A137C1F43914000F5C27A /* PrivacyPolicyViewController.swift */,
				B745AE241F1E6A190025946C /* OpenSourceViewController.swift */,
				B745AE361F1E8A230025946C /* LicenseViewController.swift */,
				B73B20921F34600F003B8D8E /* FutureEventsViewController.swift */,
				B781E6EC1F31528E0038C3F1 /* PhotoCreditsViewController.swift */,
			);
			name = Controllers;
			sourceTree = "<group>";
		};
		B7FD16941F53C93800053FA5 /* Cells */ = {
			isa = PBXGroup;
			children = (
				B7B19F841F2E909500EDE056 /* PageCell.swift */,
				B7F7559F1F3344F30029DB4D /* MediaCell.swift */,
				B7447A7F1F141EEF0077F1F7 /* SectionHeader.xib */,
				B762828E1F26667C00430319 /* TeamMemberCell.xib */,
				B76282921F2667AB00430319 /* TeamMemberCell.swift */,
				B7372E0D1F27A17E00A71396 /* CountDownCell.swift */,
				B7372E0F1F27A18C00A71396 /* CountDownCell.xib */,
				B76282941F266B4200430319 /* PartnerCell.swift */,
				B76282961F266C2800430319 /* PartnerCell.xib */,
				B781E6EE1F3153560038C3F1 /* PhotoCreditCell.swift */,
				B781E6F01F3153670038C3F1 /* PhotoCreditCell.xib */,
				B7372E121F27B4EB00A71396 /* InfoCell.xib */,
				B7372E141F27B56000A71396 /* InfoCell.swift */,
				B7CAD7F31F5C71AB00A194C1 /* EventCell.swift */,
				B7CAD7F51F5C71CE00A194C1 /* EventCell.xib */,
			);
			name = Cells;
			sourceTree = "<group>";
		};
		B7FD169B1F54842100053FA5 /* Permissions */ = {
			isa = PBXGroup;
			children = (
				B7FD16991F547F3500053FA5 /* Permission.swift */,
				B7B19F821F2E909500EDE056 /* PermissionCell.swift */,
				B78A72DD1F51C16700C2E540 /* PermissionView.swift */,
				B7FD169C1F54872E00053FA5 /* PermissionButton.swift */,
				B78A72DB1F51C0E500C2E540 /* PermissionViewController.swift */,
			);
			name = Permissions;
			sourceTree = "<group>";
		};
/* End PBXGroup section */

/* Begin PBXNativeTarget section */
		B72DF5401ED724F300F9E4F3 /* EclipseSoundscapes */ = {
			isa = PBXNativeTarget;
			buildConfigurationList = B72DF56C1ED724F300F9E4F3 /* Build configuration list for PBXNativeTarget "EclipseSoundscapes" */;
			buildPhases = (
				20342CFE5B3F601F3C671F15 /* [CP] Check Pods Manifest.lock */,
				B72DF53D1ED724F300F9E4F3 /* Sources */,
				B72DF53E1ED724F300F9E4F3 /* Frameworks */,
				B72DF53F1ED724F300F9E4F3 /* Resources */,
				539B9E763E0706F1C28AC4F6 /* [CP] Embed Pods Frameworks */,
				E0E0399903E491D908D1ED49 /* [CP] Copy Pods Resources */,
				B7F4BF171F45DD39008A8B0E /* Submit dSYM files to Crashlytics */,
				B7447A821F145AE80077F1F7 /* ShellScript */,
			);
			buildRules = (
			);
			dependencies = (
			);
			name = EclipseSoundscapes;
			productName = EclipseSoundscapes;
			productReference = B72DF5411ED724F300F9E4F3 /* EclipseSoundscapes.app */;
			productType = "com.apple.product-type.application";
		};
		B72DF5571ED724F300F9E4F3 /* EclipseSoundscapesTests */ = {
			isa = PBXNativeTarget;
			buildConfigurationList = B72DF56F1ED724F300F9E4F3 /* Build configuration list for PBXNativeTarget "EclipseSoundscapesTests" */;
			buildPhases = (
				659423ABBF938B75E69F3586 /* [CP] Check Pods Manifest.lock */,
				B72DF5541ED724F300F9E4F3 /* Sources */,
				B72DF5551ED724F300F9E4F3 /* Frameworks */,
				B72DF5561ED724F300F9E4F3 /* Resources */,
				9BF072584B523166DB3FC053 /* [CP] Embed Pods Frameworks */,
				653DBBE438D073C036DBAE2B /* [CP] Copy Pods Resources */,
			);
			buildRules = (
			);
			dependencies = (
				B72DF55A1ED724F300F9E4F3 /* PBXTargetDependency */,
			);
			name = EclipseSoundscapesTests;
			productName = EclipseSoundscapesTests;
			productReference = B72DF5581ED724F300F9E4F3 /* EclipseSoundscapesTests.xctest */;
			productType = "com.apple.product-type.bundle.unit-test";
		};
		B72DF5621ED724F300F9E4F3 /* EclipseSoundscapesUITests */ = {
			isa = PBXNativeTarget;
			buildConfigurationList = B72DF5721ED724F300F9E4F3 /* Build configuration list for PBXNativeTarget "EclipseSoundscapesUITests" */;
			buildPhases = (
				6B100D64F61F995D02B9FD32 /* [CP] Check Pods Manifest.lock */,
				B72DF55F1ED724F300F9E4F3 /* Sources */,
				B72DF5601ED724F300F9E4F3 /* Frameworks */,
				B72DF5611ED724F300F9E4F3 /* Resources */,
				5957E119525E659345B57346 /* [CP] Embed Pods Frameworks */,
				DF7F64DDA0C572E8FEBD8F1D /* [CP] Copy Pods Resources */,
			);
			buildRules = (
			);
			dependencies = (
				B72DF5651ED724F300F9E4F3 /* PBXTargetDependency */,
			);
			name = EclipseSoundscapesUITests;
			productName = EclipseSoundscapesUITests;
			productReference = B72DF5631ED724F300F9E4F3 /* EclipseSoundscapesUITests.xctest */;
			productType = "com.apple.product-type.bundle.ui-testing";
		};
/* End PBXNativeTarget section */

/* Begin PBXProject section */
		B72DF5391ED724F300F9E4F3 /* Project object */ = {
			isa = PBXProject;
			attributes = {
				LastSwiftUpdateCheck = 0830;
				LastUpgradeCheck = 0900;
				ORGANIZATIONNAME = "Arlindo Goncalves";
				TargetAttributes = {
					B72DF5401ED724F300F9E4F3 = {
						CreatedOnToolsVersion = 8.3.1;
						DevelopmentTeam = T9DKCYAS8J;
						ProvisioningStyle = Automatic;
						SystemCapabilities = {
							com.apple.BackgroundModes = {
								enabled = 1;
							};
						};
					};
					B72DF5571ED724F300F9E4F3 = {
						CreatedOnToolsVersion = 8.3.1;
						DevelopmentTeam = 22G24XCXDT;
						ProvisioningStyle = Automatic;
						TestTargetID = B72DF5401ED724F300F9E4F3;
					};
					B72DF5621ED724F300F9E4F3 = {
						CreatedOnToolsVersion = 8.3.1;
						DevelopmentTeam = 22G24XCXDT;
						ProvisioningStyle = Automatic;
						TestTargetID = B72DF5401ED724F300F9E4F3;
					};
				};
			};
			buildConfigurationList = B72DF53C1ED724F300F9E4F3 /* Build configuration list for PBXProject "EclipseSoundscapes" */;
			compatibilityVersion = "Xcode 3.2";
			developmentRegion = English;
			hasScannedForEncodings = 0;
			knownRegions = (
				en,
				Base,
			);
			mainGroup = B72DF5381ED724F300F9E4F3;
			productRefGroup = B72DF5421ED724F300F9E4F3 /* Products */;
			projectDirPath = "";
			projectRoot = "";
			targets = (
				B72DF5401ED724F300F9E4F3 /* EclipseSoundscapes */,
				B72DF5571ED724F300F9E4F3 /* EclipseSoundscapesTests */,
				B72DF5621ED724F300F9E4F3 /* EclipseSoundscapesUITests */,
			);
		};
/* End PBXProject section */

/* Begin PBXResourcesBuildPhase section */
		B72DF53F1ED724F300F9E4F3 /* Resources */ = {
			isa = PBXResourcesBuildPhase;
			buildActionMask = 2147483647;
			files = (
				B78D815C1F5097BC00D4C440 /* fabric.apikey in Resources */,
				B7EF1A421F3C0A6A004540C2 /* Intermission.txt in Resources */,
				B7B16F431F3B3F4D0036E396 /* Diamond_Ring_short.mp3 in Resources */,
				B7B16F441F3B3F4D0036E396 /* First_Contact_Short.mp3 in Resources */,
				B7CAD7F61F5C71CE00A194C1 /* EventCell.xib in Resources */,
				B745AE331F1E79820025946C /* Eureka-License.txt in Resources */,
				B73B20991F346736003B8D8E /* Future_Eclipses.json in Resources */,
				B7964C341EF9B76400000CF8 /* Localizable.strings in Resources */,
				B7A3B7871F2B94380003C2C9 /* Prominence.txt in Resources */,
				B7B16F421F3B3F4D0036E396 /* Bailys_Beads_Short.mp3 in Resources */,
				B76282971F266C2800430319 /* PartnerCell.xib in Resources */,
				B75632B61F04038500106B46 /* xytick.wav in Resources */,
				B7B16F451F3B3F4D0036E396 /* Totality_Short.mp3 in Resources */,
				B7A3B7891F2B94380003C2C9 /* First Contact.txt in Resources */,
				B7372E131F27B4EB00A71396 /* InfoCell.xib in Resources */,
				B7A600B31F3B7C10005870BE /* Corona_full.mp3 in Resources */,
				B745AE311F1E79820025946C /* BRYXBanner-License.txt in Resources */,
				B72DF5521ED724F300F9E4F3 /* LaunchScreen.storyboard in Resources */,
				B7B16F4B1F3B407E0036E396 /* Diamond Ring-Short.txt in Resources */,
				B72DF54F1ED724F300F9E4F3 /* Assets.xcassets in Resources */,
				B71E206D1F3E20B500DBB82C /* Realtime_Eclipse_Shorts.mp3 in Resources */,
				B7372E101F27A18C00A71396 /* CountDownCell.xib in Resources */,
				B7B16F4D1F3B409F0036E396 /* Baily's Beads-Short.txt in Resources */,
				B7A3B7801F2B941F0003C2C9 /* Baily's Beads.txt in Resources */,
				B72DF54A1ED724F300F9E4F3 /* Main.storyboard in Resources */,
				B7EF1A441F3C0F7A004540C2 /* ThankYou.txt in Resources */,
				B7A3B7881F2B94380003C2C9 /* Helmet Streamers.txt in Resources */,
				B745AE351F1E79820025946C /* SwiftSpinner-License.txt in Resources */,
				B7A3B78A1F2B94380003C2C9 /* Diamond Ring.txt in Resources */,
				B781E6F11F3153670038C3F1 /* PhotoCreditCell.xib in Resources */,
				B7A600B41F3B7C10005870BE /* Diamond_Ring_full.mp3 in Resources */,
				B7A600B61F3B7C10005870BE /* First_Contact_full_without_date.mp3 in Resources */,
				B7A3B78C1F2B943F0003C2C9 /* Corona.txt in Resources */,
				B745AE301F1E79820025946C /* AudioKit-License.txt in Resources */,
				B7DE878F1F20FBE6001F69D8 /* LICENSE.txt in Resources */,
				B7A600B21F3B7C10005870BE /* Bailys_Beads_full.mp3 in Resources */,
				B7A600B71F3B7C10005870BE /* Helmet_Streamers_full.mp3 in Resources */,
				B7A600B81F3B7C10005870BE /* Prominence_full.mp3 in Resources */,
				B7A600BA1F3B7C10005870BE /* Totality_full.mp3 in Resources */,
				B76282901F26667C00430319 /* TeamMemberCell.xib in Resources */,
				B7B16F491F3B40490036E396 /* Totality-Short.txt in Resources */,
				B7A3B7861F2B94380003C2C9 /* Totality.txt in Resources */,
				B781E6E91F3124C60038C3F1 /* PhotoCredits.txt in Resources */,
				B7B16F471F3B40250036E396 /* First Contact-Short.txt in Resources */,
				B7A600B91F3B7C10005870BE /* Sun_as_a_Star_full.mp3 in Resources */,
				B7447A801F141EEF0077F1F7 /* SectionHeader.xib in Resources */,
				B73B20A21F388EE4003B8D8E /* MainEclipsePolyline.json in Resources */,
				B781E6EB1F3144D60038C3F1 /* Sun as a Star.txt in Resources */,
				B7806E5B1F0D5B580052A7CD /* CountdownView.xib in Resources */,
				B7A600B51F3B7C10005870BE /* First_Contact_full_with_date.mp3 in Resources */,
				B75632B41F04037D00106B46 /* mapmarker.wav in Resources */,
			);
			runOnlyForDeploymentPostprocessing = 0;
		};
		B72DF5561ED724F300F9E4F3 /* Resources */ = {
			isa = PBXResourcesBuildPhase;
			buildActionMask = 2147483647;
			files = (
			);
			runOnlyForDeploymentPostprocessing = 0;
		};
		B72DF5611ED724F300F9E4F3 /* Resources */ = {
			isa = PBXResourcesBuildPhase;
			buildActionMask = 2147483647;
			files = (
			);
			runOnlyForDeploymentPostprocessing = 0;
		};
/* End PBXResourcesBuildPhase section */

/* Begin PBXShellScriptBuildPhase section */
		20342CFE5B3F601F3C671F15 /* [CP] Check Pods Manifest.lock */ = {
			isa = PBXShellScriptBuildPhase;
			buildActionMask = 2147483647;
			files = (
			);
			inputPaths = (
			);
			name = "[CP] Check Pods Manifest.lock";
			outputPaths = (
			);
			runOnlyForDeploymentPostprocessing = 0;
			shellPath = /bin/sh;
			shellScript = "diff \"${PODS_PODFILE_DIR_PATH}/Podfile.lock\" \"${PODS_ROOT}/Manifest.lock\" > /dev/null\nif [ $? != 0 ] ; then\n    # print error to STDERR\n    echo \"error: The sandbox is not in sync with the Podfile.lock. Run 'pod install' or update your CocoaPods installation.\" >&2\n    exit 1\nfi\n";
			showEnvVarsInLog = 0;
		};
		539B9E763E0706F1C28AC4F6 /* [CP] Embed Pods Frameworks */ = {
			isa = PBXShellScriptBuildPhase;
			buildActionMask = 2147483647;
			files = (
			);
			inputPaths = (
			);
			name = "[CP] Embed Pods Frameworks";
			outputPaths = (
			);
			runOnlyForDeploymentPostprocessing = 0;
			shellPath = /bin/sh;
			shellScript = "\"${SRCROOT}/Pods/Target Support Files/Pods-EclipseSoundscapes/Pods-EclipseSoundscapes-frameworks.sh\"\n";
			showEnvVarsInLog = 0;
		};
		5957E119525E659345B57346 /* [CP] Embed Pods Frameworks */ = {
			isa = PBXShellScriptBuildPhase;
			buildActionMask = 2147483647;
			files = (
			);
			inputPaths = (
			);
			name = "[CP] Embed Pods Frameworks";
			outputPaths = (
			);
			runOnlyForDeploymentPostprocessing = 0;
			shellPath = /bin/sh;
			shellScript = "\"${SRCROOT}/Pods/Target Support Files/Pods-EclipseSoundscapesUITests/Pods-EclipseSoundscapesUITests-frameworks.sh\"\n";
			showEnvVarsInLog = 0;
		};
		653DBBE438D073C036DBAE2B /* [CP] Copy Pods Resources */ = {
			isa = PBXShellScriptBuildPhase;
			buildActionMask = 2147483647;
			files = (
			);
			inputPaths = (
			);
			name = "[CP] Copy Pods Resources";
			outputPaths = (
			);
			runOnlyForDeploymentPostprocessing = 0;
			shellPath = /bin/sh;
			shellScript = "\"${SRCROOT}/Pods/Target Support Files/Pods-EclipseSoundscapesTests/Pods-EclipseSoundscapesTests-resources.sh\"\n";
			showEnvVarsInLog = 0;
		};
		659423ABBF938B75E69F3586 /* [CP] Check Pods Manifest.lock */ = {
			isa = PBXShellScriptBuildPhase;
			buildActionMask = 2147483647;
			files = (
			);
			inputPaths = (
			);
			name = "[CP] Check Pods Manifest.lock";
			outputPaths = (
			);
			runOnlyForDeploymentPostprocessing = 0;
			shellPath = /bin/sh;
			shellScript = "diff \"${PODS_PODFILE_DIR_PATH}/Podfile.lock\" \"${PODS_ROOT}/Manifest.lock\" > /dev/null\nif [ $? != 0 ] ; then\n    # print error to STDERR\n    echo \"error: The sandbox is not in sync with the Podfile.lock. Run 'pod install' or update your CocoaPods installation.\" >&2\n    exit 1\nfi\n";
			showEnvVarsInLog = 0;
		};
		6B100D64F61F995D02B9FD32 /* [CP] Check Pods Manifest.lock */ = {
			isa = PBXShellScriptBuildPhase;
			buildActionMask = 2147483647;
			files = (
			);
			inputPaths = (
			);
			name = "[CP] Check Pods Manifest.lock";
			outputPaths = (
			);
			runOnlyForDeploymentPostprocessing = 0;
			shellPath = /bin/sh;
			shellScript = "diff \"${PODS_PODFILE_DIR_PATH}/Podfile.lock\" \"${PODS_ROOT}/Manifest.lock\" > /dev/null\nif [ $? != 0 ] ; then\n    # print error to STDERR\n    echo \"error: The sandbox is not in sync with the Podfile.lock. Run 'pod install' or update your CocoaPods installation.\" >&2\n    exit 1\nfi\n";
			showEnvVarsInLog = 0;
		};
		9BF072584B523166DB3FC053 /* [CP] Embed Pods Frameworks */ = {
			isa = PBXShellScriptBuildPhase;
			buildActionMask = 2147483647;
			files = (
			);
			inputPaths = (
			);
			name = "[CP] Embed Pods Frameworks";
			outputPaths = (
			);
			runOnlyForDeploymentPostprocessing = 0;
			shellPath = /bin/sh;
			shellScript = "\"${SRCROOT}/Pods/Target Support Files/Pods-EclipseSoundscapesTests/Pods-EclipseSoundscapesTests-frameworks.sh\"\n";
			showEnvVarsInLog = 0;
		};
		B7447A821F145AE80077F1F7 /* ShellScript */ = {
			isa = PBXShellScriptBuildPhase;
			buildActionMask = 2147483647;
			files = (
			);
			inputPaths = (
			);
			outputPaths = (
			);
			runOnlyForDeploymentPostprocessing = 0;
			shellPath = /bin/sh;
			shellScript = "\"$BUILT_PRODUCTS_DIR/$FRAMEWORKS_FOLDER_PATH/AudioKit.framework/fix-framework.sh\"";
		};
		B7F4BF171F45DD39008A8B0E /* Submit dSYM files to Crashlytics */ = {
			isa = PBXShellScriptBuildPhase;
			buildActionMask = 2147483647;
			files = (
			);
			inputPaths = (
			);
			name = "Submit dSYM files to Crashlytics";
			outputPaths = (
			);
			runOnlyForDeploymentPostprocessing = 0;
			shellPath = /bin/sh;
			shellScript = "APPSTORE_CONFIGURATION=\"Distribute_AppStore\"\nFABRIC_APIKEY_FILE=\"${SRCROOT}/fabric.apikey\"\nFABRIC_BUILDSECRET_FILE=\"${SRCROOT}/fabric.buildsecret\"\n\nif test \"$APPSTORE_CONFIGURATION\" = \"${CONFIGURATION}\"; then\nif test ! -f \"$FABRIC_APIKEY_FILE\" -o ! -f \"$FABRIC_BUILDSECRET_FILE\"; then\necho \"This is an App Store build that wants to uploaddSYM files to Crashlytics.\"\necho \"Uploading is possible only if a Fabric API key and a Fabric build secret are\"\necho \"available. This build is failing because at least one of these pieces of\"\necho \"information is missing.\"\necho \"\"\necho \"To fix the problem, create the following files and store the API key and\"\necho \"build secret, respectively, within those files:\"\necho \"\"\necho \"  $FABRIC_APIKEY_FILE\"\necho \"  $FABRIC_BUILDSECRET_FILE\"\necho \"\"\necho \"If you forked the project to create your own App Store build then you must\"\necho \"register with Crashlytics and get your own API key and build secret.\"\n\n# Let the build fail\nexit 1\nfi\n\nFABRIC_APIKEY=$(cat \"$FABRIC_APIKEY_FILE\")\nif test $? -ne 0; then\necho \"Cannot read $FABRIC_APIKEY_FILE\"\nexit 1\nfi\n\nFABRIC_BUILDSECRET=$(cat \"$FABRIC_BUILDSECRET_FILE\")\nif test $? -ne 0; then\necho \"Cannot read $FABRIC_BUILDSECRET_FILE\"\nexit 1\nfi\n\necho \"Uploading dSYM files to Crashlytics\"\n\"${PODS_ROOT}/Fabric.framework/run\" \"$FABRIC_APIKEY\" \"$FABRIC_BUILDSECRET\"\nfi";
		};
		DF7F64DDA0C572E8FEBD8F1D /* [CP] Copy Pods Resources */ = {
			isa = PBXShellScriptBuildPhase;
			buildActionMask = 2147483647;
			files = (
			);
			inputPaths = (
			);
			name = "[CP] Copy Pods Resources";
			outputPaths = (
			);
			runOnlyForDeploymentPostprocessing = 0;
			shellPath = /bin/sh;
			shellScript = "\"${SRCROOT}/Pods/Target Support Files/Pods-EclipseSoundscapesUITests/Pods-EclipseSoundscapesUITests-resources.sh\"\n";
			showEnvVarsInLog = 0;
		};
		E0E0399903E491D908D1ED49 /* [CP] Copy Pods Resources */ = {
			isa = PBXShellScriptBuildPhase;
			buildActionMask = 2147483647;
			files = (
			);
			inputPaths = (
			);
			name = "[CP] Copy Pods Resources";
			outputPaths = (
			);
			runOnlyForDeploymentPostprocessing = 0;
			shellPath = /bin/sh;
			shellScript = "\"${SRCROOT}/Pods/Target Support Files/Pods-EclipseSoundscapes/Pods-EclipseSoundscapes-resources.sh\"\n";
			showEnvVarsInLog = 0;
		};
/* End PBXShellScriptBuildPhase section */

/* Begin PBXSourcesBuildPhase section */
		B72DF53D1ED724F300F9E4F3 /* Sources */ = {
			isa = PBXSourcesBuildPhase;
			buildActionMask = 2147483647;
			files = (
				B7C4E1411EE751A6002A0F19 /* Utility.swift in Sources */,
				B73AE7341EE8332300BDBCE8 /* TapePlayer.swift in Sources */,
				B7B19F891F2EC32900EDE056 /* SqueezeButton.swift in Sources */,
				B73B20931F34600F003B8D8E /* FutureEventsViewController.swift in Sources */,
				B763FA011ED864F400EEFB27 /* Tape.swift in Sources */,
				B745AE371F1E8A230025946C /* LicenseViewController.swift in Sources */,
				B72DF57C1ED7252200F9E4F3 /* Authenticator.swift in Sources */,
				B745AE1F1F1E65900025946C /* SettingsViewController.swift in Sources */,
				B7E7A98A1F12A59600B239B8 /* LogoView.swift in Sources */,
				B77417F11F0361EC00663C2E /* RumbleMapViewController.swift in Sources */,
				B7806E5D1F0D5B580052A7CD /* CountdownTimeLeft.swift in Sources */,
				B7806DB51F0D43880052A7CD /* Extensions.swift in Sources */,
				B781E6ED1F31528E0038C3F1 /* PhotoCreditsViewController.swift in Sources */,
				B77417F41F03628700663C2E /* EclipseTimeGenerator.swift in Sources */,
				B7F522F91EEF0D4A00A53A4A /* TabViewController.swift in Sources */,
				B7FD169A1F547F3500053FA5 /* Permission.swift in Sources */,
				B7FD169D1F54872E00053FA5 /* PermissionButton.swift in Sources */,
				B7B16F3D1F3AB9870036E396 /* Media.swift in Sources */,
				B7806E601F0D5B580052A7CD /* StringExtensions.swift in Sources */,
				B78A72DC1F51C0E500C2E540 /* PermissionViewController.swift in Sources */,
				B7806DB91F0D58CA0052A7CD /* RumbleMap.swift in Sources */,
				B76282951F266B4200430319 /* PartnerCell.swift in Sources */,
				B7E7A9881F12A40200B239B8 /* AboutViewController.swift in Sources */,
				B781E6EF1F3153560038C3F1 /* PhotoCreditCell.swift in Sources */,
				B7806E611F0D5B580052A7CD /* UIViewExtensions.swift in Sources */,
				B7FD16981F545A7800053FA5 /* ShrinkableHeaderView.swift in Sources */,
				B79263F41F0D828100062B8D /* Location.swift in Sources */,
				B7BD1AD31EF02A8800A739FA /* PlaybackViewController.swift in Sources */,
				B7B19F861F2E909500EDE056 /* Page.swift in Sources */,
				B7FD16961F54501B00053FA5 /* ParallaxView.swift in Sources */,
				B70F0E021F2161FE00B9F3BA /* NotificationHelper.swift in Sources */,
				B7806E5E1F0D5B580052A7CD /* CountdownView.swift in Sources */,
				B7372E151F27B56000A71396 /* InfoCell.swift in Sources */,
				B7F755A01F3344F30029DB4D /* MediaCell.swift in Sources */,
				B7806E5C1F0D5B580052A7CD /* CountdownNumberView.swift in Sources */,
				B745AE231F1E697F0025946C /* OpenSourceLibrary.swift in Sources */,
				B7F7559E1F3344700029DB4D /* MediaCenterViewController.swift in Sources */,
				B758D8741ED78E120033EE45 /* Downloader.swift in Sources */,
				B73B20A01F375569003B8D8E /* MediaControlView.swift in Sources */,
				B7372E0C1F27A0CA00A71396 /* EclipseViewController.swift in Sources */,
				B745AE1D1F1E65570025946C /* InstructionsViewController.swift in Sources */,
				B72DF5451ED724F300F9E4F3 /* AppDelegate.swift in Sources */,
				B7806DB71F0D58AD0052A7CD /* MarkerContainer.swift in Sources */,
				B7CAD7F41F5C71AB00A194C1 /* EventCell.swift in Sources */,
				B7B16F3B1F3A63620036E396 /* RumbleMapInteractiveViewController.swift in Sources */,
				B758D8761ED78E310033EE45 /* Uploader.swift in Sources */,
				B7B19F801F2E901100EDE056 /* WalkthroughViewController.swift in Sources */,
				B7D84D0F1F59AEC200D21724 /* DynamicLabel.swift in Sources */,
				B7806E5F1F0D5B580052A7CD /* CountdownViewModel.swift in Sources */,
				B76282931F2667AB00430319 /* TeamMemberCell.swift in Sources */,
				B745AE211F1E65B50025946C /* LegalViewController.swift in Sources */,
				B745AE251F1E6A190025946C /* OpenSourceViewController.swift in Sources */,
				B7372E0E1F27A17E00A71396 /* CountDownCell.swift in Sources */,
				B7B19F871F2E909500EDE056 /* PageCell.swift in Sources */,
				B7B19F851F2E909500EDE056 /* PermissionCell.swift in Sources */,
				B758D8791ED794790033EE45 /* Recordings.xcdatamodeld in Sources */,
				B7477FF81F51A4CD0057D87C /* Splash.swift in Sources */,
				B745AE3B1F1E8D260025946C /* TeamViewController.swift in Sources */,
				B745AE191F1E3BB20025946C /* PartnersViewController.swift in Sources */,
				B73B20A41F38A8DA003B8D8E /* NoEclipseView.swift in Sources */,
				B75A137D1F43914000F5C27A /* PrivacyPolicyViewController.swift in Sources */,
				B78A72DE1F51C16700C2E540 /* PermissionView.swift in Sources */,
				B73AE7361EE860A900BDBCE8 /* Constants.swift in Sources */,
			);
			runOnlyForDeploymentPostprocessing = 0;
		};
		B72DF5541ED724F300F9E4F3 /* Sources */ = {
			isa = PBXSourcesBuildPhase;
			buildActionMask = 2147483647;
			files = (
				B72DF55D1ED724F300F9E4F3 /* EclipseSoundscapesTests.swift in Sources */,
			);
			runOnlyForDeploymentPostprocessing = 0;
		};
		B72DF55F1ED724F300F9E4F3 /* Sources */ = {
			isa = PBXSourcesBuildPhase;
			buildActionMask = 2147483647;
			files = (
				B72DF5681ED724F300F9E4F3 /* EclipseSoundscapesUITests.swift in Sources */,
			);
			runOnlyForDeploymentPostprocessing = 0;
		};
/* End PBXSourcesBuildPhase section */

/* Begin PBXTargetDependency section */
		B72DF55A1ED724F300F9E4F3 /* PBXTargetDependency */ = {
			isa = PBXTargetDependency;
			target = B72DF5401ED724F300F9E4F3 /* EclipseSoundscapes */;
			targetProxy = B72DF5591ED724F300F9E4F3 /* PBXContainerItemProxy */;
		};
		B72DF5651ED724F300F9E4F3 /* PBXTargetDependency */ = {
			isa = PBXTargetDependency;
			target = B72DF5401ED724F300F9E4F3 /* EclipseSoundscapes */;
			targetProxy = B72DF5641ED724F300F9E4F3 /* PBXContainerItemProxy */;
		};
/* End PBXTargetDependency section */

/* Begin PBXVariantGroup section */
		B72DF5481ED724F300F9E4F3 /* Main.storyboard */ = {
			isa = PBXVariantGroup;
			children = (
				B72DF5491ED724F300F9E4F3 /* Base */,
			);
			name = Main.storyboard;
			sourceTree = "<group>";
		};
		B72DF5501ED724F300F9E4F3 /* LaunchScreen.storyboard */ = {
			isa = PBXVariantGroup;
			children = (
				B72DF5511ED724F300F9E4F3 /* Base */,
			);
			name = LaunchScreen.storyboard;
			sourceTree = "<group>";
		};
		B7964C361EF9B76400000CF8 /* Localizable.strings */ = {
			isa = PBXVariantGroup;
			children = (
				B7964C351EF9B76400000CF8 /* Base */,
			);
			name = Localizable.strings;
			path = ..;
			sourceTree = "<group>";
		};
/* End PBXVariantGroup section */

/* Begin XCBuildConfiguration section */
		B72DF56A1ED724F300F9E4F3 /* Debug */ = {
			isa = XCBuildConfiguration;
			buildSettings = {
				ALWAYS_SEARCH_USER_PATHS = NO;
				CLANG_ANALYZER_LOCALIZABILITY_NONLOCALIZED = YES;
				CLANG_ANALYZER_NONNULL = YES;
				CLANG_ANALYZER_NUMBER_OBJECT_CONVERSION = YES_AGGRESSIVE;
				CLANG_CXX_LANGUAGE_STANDARD = "gnu++0x";
				CLANG_CXX_LIBRARY = "libc++";
				CLANG_ENABLE_MODULES = YES;
				CLANG_ENABLE_OBJC_ARC = YES;
				CLANG_WARN_BLOCK_CAPTURE_AUTORELEASING = YES;
				CLANG_WARN_BOOL_CONVERSION = YES;
				CLANG_WARN_COMMA = YES;
				CLANG_WARN_CONSTANT_CONVERSION = YES;
				CLANG_WARN_DIRECT_OBJC_ISA_USAGE = YES_ERROR;
				CLANG_WARN_DOCUMENTATION_COMMENTS = YES;
				CLANG_WARN_EMPTY_BODY = YES;
				CLANG_WARN_ENUM_CONVERSION = YES;
				CLANG_WARN_INFINITE_RECURSION = YES;
				CLANG_WARN_INT_CONVERSION = YES;
				CLANG_WARN_NON_LITERAL_NULL_CONVERSION = YES;
				CLANG_WARN_OBJC_LITERAL_CONVERSION = YES;
				CLANG_WARN_OBJC_ROOT_CLASS = YES_ERROR;
				CLANG_WARN_RANGE_LOOP_ANALYSIS = YES;
				CLANG_WARN_STRICT_PROTOTYPES = YES;
				CLANG_WARN_SUSPICIOUS_MOVE = YES;
				CLANG_WARN_UNREACHABLE_CODE = YES;
				CLANG_WARN__DUPLICATE_METHOD_MATCH = YES;
				"CODE_SIGN_IDENTITY[sdk=iphoneos*]" = "iPhone Developer";
				COPY_PHASE_STRIP = NO;
				DEBUG_INFORMATION_FORMAT = dwarf;
				ENABLE_STRICT_OBJC_MSGSEND = YES;
				ENABLE_TESTABILITY = YES;
				GCC_C_LANGUAGE_STANDARD = gnu99;
				GCC_DYNAMIC_NO_PIC = NO;
				GCC_NO_COMMON_BLOCKS = YES;
				GCC_OPTIMIZATION_LEVEL = 0;
				GCC_PREPROCESSOR_DEFINITIONS = (
					"DEBUG=1",
					"$(inherited)",
				);
				GCC_WARN_64_TO_32_BIT_CONVERSION = YES;
				GCC_WARN_ABOUT_RETURN_TYPE = YES_ERROR;
				GCC_WARN_UNDECLARED_SELECTOR = YES;
				GCC_WARN_UNINITIALIZED_AUTOS = YES_AGGRESSIVE;
				GCC_WARN_UNUSED_FUNCTION = YES;
				GCC_WARN_UNUSED_VARIABLE = YES;
				IPHONEOS_DEPLOYMENT_TARGET = 9.0;
				MTL_ENABLE_DEBUG_INFO = YES;
				ONLY_ACTIVE_ARCH = YES;
				SDKROOT = iphoneos;
				SWIFT_ACTIVE_COMPILATION_CONDITIONS = DEBUG;
				SWIFT_OPTIMIZATION_LEVEL = "-Onone";
				TARGETED_DEVICE_FAMILY = "1,2";
			};
			name = Debug;
		};
		B72DF56B1ED724F300F9E4F3 /* Release */ = {
			isa = XCBuildConfiguration;
			buildSettings = {
				ALWAYS_SEARCH_USER_PATHS = NO;
				CLANG_ANALYZER_LOCALIZABILITY_NONLOCALIZED = YES;
				CLANG_ANALYZER_NONNULL = YES;
				CLANG_ANALYZER_NUMBER_OBJECT_CONVERSION = YES_AGGRESSIVE;
				CLANG_CXX_LANGUAGE_STANDARD = "gnu++0x";
				CLANG_CXX_LIBRARY = "libc++";
				CLANG_ENABLE_MODULES = YES;
				CLANG_ENABLE_OBJC_ARC = YES;
				CLANG_WARN_BLOCK_CAPTURE_AUTORELEASING = YES;
				CLANG_WARN_BOOL_CONVERSION = YES;
				CLANG_WARN_COMMA = YES;
				CLANG_WARN_CONSTANT_CONVERSION = YES;
				CLANG_WARN_DIRECT_OBJC_ISA_USAGE = YES_ERROR;
				CLANG_WARN_DOCUMENTATION_COMMENTS = YES;
				CLANG_WARN_EMPTY_BODY = YES;
				CLANG_WARN_ENUM_CONVERSION = YES;
				CLANG_WARN_INFINITE_RECURSION = YES;
				CLANG_WARN_INT_CONVERSION = YES;
				CLANG_WARN_NON_LITERAL_NULL_CONVERSION = YES;
				CLANG_WARN_OBJC_LITERAL_CONVERSION = YES;
				CLANG_WARN_OBJC_ROOT_CLASS = YES_ERROR;
				CLANG_WARN_RANGE_LOOP_ANALYSIS = YES;
				CLANG_WARN_STRICT_PROTOTYPES = YES;
				CLANG_WARN_SUSPICIOUS_MOVE = YES;
				CLANG_WARN_UNREACHABLE_CODE = YES;
				CLANG_WARN__DUPLICATE_METHOD_MATCH = YES;
				"CODE_SIGN_IDENTITY[sdk=iphoneos*]" = "iPhone Developer";
				COPY_PHASE_STRIP = NO;
				DEBUG_INFORMATION_FORMAT = "dwarf-with-dsym";
				ENABLE_NS_ASSERTIONS = NO;
				ENABLE_STRICT_OBJC_MSGSEND = YES;
				GCC_C_LANGUAGE_STANDARD = gnu99;
				GCC_NO_COMMON_BLOCKS = YES;
				GCC_WARN_64_TO_32_BIT_CONVERSION = YES;
				GCC_WARN_ABOUT_RETURN_TYPE = YES_ERROR;
				GCC_WARN_UNDECLARED_SELECTOR = YES;
				GCC_WARN_UNINITIALIZED_AUTOS = YES_AGGRESSIVE;
				GCC_WARN_UNUSED_FUNCTION = YES;
				GCC_WARN_UNUSED_VARIABLE = YES;
				IPHONEOS_DEPLOYMENT_TARGET = 9.0;
				MTL_ENABLE_DEBUG_INFO = NO;
				SDKROOT = iphoneos;
				SWIFT_OPTIMIZATION_LEVEL = "-Owholemodule";
				TARGETED_DEVICE_FAMILY = "1,2";
				VALIDATE_PRODUCT = YES;
			};
			name = Release;
		};
		B72DF56D1ED724F300F9E4F3 /* Debug */ = {
			isa = XCBuildConfiguration;
			baseConfigurationReference = EC9068B8CBBFDE24E65A9DBE /* Pods-EclipseSoundscapes.debug.xcconfig */;
			buildSettings = {
				ASSETCATALOG_COMPILER_APPICON_NAME = AppIcon;
				"CODE_SIGN_IDENTITY[sdk=iphoneos*]" = "iPhone Developer";
				DEBUG_INFORMATION_FORMAT = "dwarf-with-dsym";
				DEVELOPMENT_TEAM = T9DKCYAS8J;
				FRAMEWORK_SEARCH_PATHS = (
					"$(inherited)",
					"$(PROJECT_DIR)",
				);
				INFOPLIST_FILE = EclipseSoundscapes/Info.plist;
				IPHONEOS_DEPLOYMENT_TARGET = 9.0;
				LD_RUNPATH_SEARCH_PATHS = "$(inherited) @executable_path/Frameworks";
				PRODUCT_BUNDLE_IDENTIFIER = com.HenryWinter.EclipseSoundscapes;
				PRODUCT_NAME = "$(TARGET_NAME)";
				PROVISIONING_PROFILE_SPECIFIER = "";
				SWIFT_VERSION = 3.0;
				TARGETED_DEVICE_FAMILY = "1,2";
			};
			name = Debug;
		};
		B72DF56E1ED724F300F9E4F3 /* Release */ = {
			isa = XCBuildConfiguration;
			baseConfigurationReference = 574FF5A80B92B374F0B382DF /* Pods-EclipseSoundscapes.release.xcconfig */;
			buildSettings = {
				ASSETCATALOG_COMPILER_APPICON_NAME = AppIcon;
				"CODE_SIGN_IDENTITY[sdk=iphoneos*]" = "iPhone Developer";
				DEBUG_INFORMATION_FORMAT = "dwarf-with-dsym";
				DEVELOPMENT_TEAM = T9DKCYAS8J;
				FRAMEWORK_SEARCH_PATHS = (
					"$(inherited)",
					"$(PROJECT_DIR)",
				);
				INFOPLIST_FILE = EclipseSoundscapes/Info.plist;
				IPHONEOS_DEPLOYMENT_TARGET = 9.0;
				LD_RUNPATH_SEARCH_PATHS = "$(inherited) @executable_path/Frameworks";
				PRODUCT_BUNDLE_IDENTIFIER = com.HenryWinter.EclipseSoundscapes;
				PRODUCT_NAME = "$(TARGET_NAME)";
				PROVISIONING_PROFILE_SPECIFIER = "";
				SWIFT_VERSION = 3.0;
				TARGETED_DEVICE_FAMILY = "1,2";
			};
			name = Release;
		};
		B72DF5701ED724F300F9E4F3 /* Debug */ = {
			isa = XCBuildConfiguration;
			baseConfigurationReference = 5A5604FF69C8CA6A252C43F5 /* Pods-EclipseSoundscapesTests.debug.xcconfig */;
			buildSettings = {
				ALWAYS_EMBED_SWIFT_STANDARD_LIBRARIES = YES;
				BUNDLE_LOADER = "$(TEST_HOST)";
				DEVELOPMENT_TEAM = 22G24XCXDT;
				INFOPLIST_FILE = EclipseSoundscapesTests/Info.plist;
				LD_RUNPATH_SEARCH_PATHS = "$(inherited) @executable_path/Frameworks @loader_path/Frameworks";
				PRODUCT_BUNDLE_IDENTIFIER = com.ArlindoGoncalves.EclipseSoundscapesTests;
				PRODUCT_NAME = "$(TARGET_NAME)";
				SWIFT_VERSION = 3.0;
				TEST_HOST = "$(BUILT_PRODUCTS_DIR)/EclipseSoundscapes.app/EclipseSoundscapes";
			};
			name = Debug;
		};
		B72DF5711ED724F300F9E4F3 /* Release */ = {
			isa = XCBuildConfiguration;
			baseConfigurationReference = 2BC585839D292E608D5F9225 /* Pods-EclipseSoundscapesTests.release.xcconfig */;
			buildSettings = {
				ALWAYS_EMBED_SWIFT_STANDARD_LIBRARIES = YES;
				BUNDLE_LOADER = "$(TEST_HOST)";
				DEVELOPMENT_TEAM = 22G24XCXDT;
				INFOPLIST_FILE = EclipseSoundscapesTests/Info.plist;
				LD_RUNPATH_SEARCH_PATHS = "$(inherited) @executable_path/Frameworks @loader_path/Frameworks";
				PRODUCT_BUNDLE_IDENTIFIER = com.ArlindoGoncalves.EclipseSoundscapesTests;
				PRODUCT_NAME = "$(TARGET_NAME)";
				SWIFT_VERSION = 3.0;
				TEST_HOST = "$(BUILT_PRODUCTS_DIR)/EclipseSoundscapes.app/EclipseSoundscapes";
			};
			name = Release;
		};
		B72DF5731ED724F300F9E4F3 /* Debug */ = {
			isa = XCBuildConfiguration;
			baseConfigurationReference = 47C2DA347FC12156E3251FBE /* Pods-EclipseSoundscapesUITests.debug.xcconfig */;
			buildSettings = {
				ALWAYS_EMBED_SWIFT_STANDARD_LIBRARIES = YES;
				DEVELOPMENT_TEAM = 22G24XCXDT;
				INFOPLIST_FILE = EclipseSoundscapesUITests/Info.plist;
				LD_RUNPATH_SEARCH_PATHS = "$(inherited) @executable_path/Frameworks @loader_path/Frameworks";
				PRODUCT_BUNDLE_IDENTIFIER = com.ArlindoGoncalves.EclipseSoundscapesUITests;
				PRODUCT_NAME = "$(TARGET_NAME)";
				SWIFT_VERSION = 3.0;
				TEST_TARGET_NAME = EclipseSoundscapes;
			};
			name = Debug;
		};
		B72DF5741ED724F300F9E4F3 /* Release */ = {
			isa = XCBuildConfiguration;
			baseConfigurationReference = B03672B260885DC3EA96D077 /* Pods-EclipseSoundscapesUITests.release.xcconfig */;
			buildSettings = {
				ALWAYS_EMBED_SWIFT_STANDARD_LIBRARIES = YES;
				DEVELOPMENT_TEAM = 22G24XCXDT;
				INFOPLIST_FILE = EclipseSoundscapesUITests/Info.plist;
				LD_RUNPATH_SEARCH_PATHS = "$(inherited) @executable_path/Frameworks @loader_path/Frameworks";
				PRODUCT_BUNDLE_IDENTIFIER = com.ArlindoGoncalves.EclipseSoundscapesUITests;
				PRODUCT_NAME = "$(TARGET_NAME)";
				SWIFT_VERSION = 3.0;
				TEST_TARGET_NAME = EclipseSoundscapes;
			};
			name = Release;
		};
/* End XCBuildConfiguration section */

/* Begin XCConfigurationList section */
		B72DF53C1ED724F300F9E4F3 /* Build configuration list for PBXProject "EclipseSoundscapes" */ = {
			isa = XCConfigurationList;
			buildConfigurations = (
				B72DF56A1ED724F300F9E4F3 /* Debug */,
				B72DF56B1ED724F300F9E4F3 /* Release */,
			);
			defaultConfigurationIsVisible = 0;
			defaultConfigurationName = Release;
		};
		B72DF56C1ED724F300F9E4F3 /* Build configuration list for PBXNativeTarget "EclipseSoundscapes" */ = {
			isa = XCConfigurationList;
			buildConfigurations = (
				B72DF56D1ED724F300F9E4F3 /* Debug */,
				B72DF56E1ED724F300F9E4F3 /* Release */,
			);
			defaultConfigurationIsVisible = 0;
			defaultConfigurationName = Release;
		};
		B72DF56F1ED724F300F9E4F3 /* Build configuration list for PBXNativeTarget "EclipseSoundscapesTests" */ = {
			isa = XCConfigurationList;
			buildConfigurations = (
				B72DF5701ED724F300F9E4F3 /* Debug */,
				B72DF5711ED724F300F9E4F3 /* Release */,
			);
			defaultConfigurationIsVisible = 0;
			defaultConfigurationName = Release;
		};
		B72DF5721ED724F300F9E4F3 /* Build configuration list for PBXNativeTarget "EclipseSoundscapesUITests" */ = {
			isa = XCConfigurationList;
			buildConfigurations = (
				B72DF5731ED724F300F9E4F3 /* Debug */,
				B72DF5741ED724F300F9E4F3 /* Release */,
			);
			defaultConfigurationIsVisible = 0;
			defaultConfigurationName = Release;
		};
/* End XCConfigurationList section */

/* Begin XCVersionGroup section */
		B758D8771ED794790033EE45 /* Recordings.xcdatamodeld */ = {
			isa = XCVersionGroup;
			children = (
				B758D8781ED794790033EE45 /* Recordings.xcdatamodel */,
			);
			currentVersion = B758D8781ED794790033EE45 /* Recordings.xcdatamodel */;
			path = Recordings.xcdatamodeld;
			sourceTree = "<group>";
			versionGroupType = wrapper.xcdatamodel;
		};
/* End XCVersionGroup section */
	};
	rootObject = B72DF5391ED724F300F9E4F3 /* Project object */;
}
